// !$*UTF8*$!
{
	archiveVersion = 1;
	classes = {
	};
	objectVersion = 46;
	objects = {

/* Begin PBXBuildFile section */
		49C0F41996AB43CEA25E8AC0 /* libPods.a in Frameworks */ = {isa = PBXBuildFile; fileRef = A0F9B7F3698D45AB88A3B98D /* libPods.a */; };
		58A44AF7152FF4D10005616E /* UIKit.framework in Frameworks */ = {isa = PBXBuildFile; fileRef = 58A44AF6152FF4D10005616E /* UIKit.framework */; };
		58A44AF9152FF4D10005616E /* Foundation.framework in Frameworks */ = {isa = PBXBuildFile; fileRef = 58A44AF8152FF4D10005616E /* Foundation.framework */; };
		58A44AFB152FF4D10005616E /* CoreGraphics.framework in Frameworks */ = {isa = PBXBuildFile; fileRef = 58A44AFA152FF4D10005616E /* CoreGraphics.framework */; };
		58A44B01152FF4D10005616E /* InfoPlist.strings in Resources */ = {isa = PBXBuildFile; fileRef = 58A44AFF152FF4D10005616E /* InfoPlist.strings */; };
		58A44B03152FF4D10005616E /* main.m in Sources */ = {isa = PBXBuildFile; fileRef = 58A44B02152FF4D10005616E /* main.m */; };
		58A44B07152FF4D10005616E /* RCAppDelegate.m in Sources */ = {isa = PBXBuildFile; fileRef = 58A44B06152FF4D10005616E /* RCAppDelegate.m */; };
		58A44B0A152FF4D10005616E /* MainStoryboard.storyboard in Resources */ = {isa = PBXBuildFile; fileRef = 58A44B08152FF4D10005616E /* MainStoryboard.storyboard */; };
		58A44B0D152FF4D10005616E /* RCViewController.m in Sources */ = {isa = PBXBuildFile; fileRef = 58A44B0C152FF4D10005616E /* RCViewController.m */; };
		58A44B37152FFB2A0005616E /* NSDate+ChineseBirth.mm in Sources */ = {isa = PBXBuildFile; fileRef = 58A44B31152FFB2A0005616E /* NSDate+ChineseBirth.mm */; };
		58A44B38152FFB2A0005616E /* NSDate+RoCry.m in Sources */ = {isa = PBXBuildFile; fileRef = 58A44B32152FFB2A0005616E /* NSDate+RoCry.m */; };
		58A44B39152FFB2A0005616E /* UIView+Shake.m in Sources */ = {isa = PBXBuildFile; fileRef = 58A44B35152FFB2A0005616E /* UIView+Shake.m */; };
		C489DD81170C355F000D7649 /* NSObject+RCRuntimeUtil.m in Sources */ = {isa = PBXBuildFile; fileRef = C489DD80170C355F000D7649 /* NSObject+RCRuntimeUtil.m */; };
		C4A7969017850CA600EC99AF /* RCImageView.m in Sources */ = {isa = PBXBuildFile; fileRef = C4A7968F17850CA600EC99AF /* RCImageView.m */; };
		C4A796A617850CAF00EC99AF /* button_back@2x.png in Resources */ = {isa = PBXBuildFile; fileRef = C4A7969217850CAF00EC99AF /* button_back@2x.png */; };
		C4A796A717850CAF00EC99AF /* button_blue@2x.png in Resources */ = {isa = PBXBuildFile; fileRef = C4A7969317850CAF00EC99AF /* button_blue@2x.png */; };
		C4A796A817850CAF00EC99AF /* button_red@2x.png in Resources */ = {isa = PBXBuildFile; fileRef = C4A7969417850CAF00EC99AF /* button_red@2x.png */; };
		C4A796A917850CAF00EC99AF /* heartocat.png in Resources */ = {isa = PBXBuildFile; fileRef = C4A7969517850CAF00EC99AF /* heartocat.png */; };
		C4A796AA17850CAF00EC99AF /* icon.png in Resources */ = {isa = PBXBuildFile; fileRef = C4A7969617850CAF00EC99AF /* icon.png */; };
		C4A796AB17850CAF00EC99AF /* icon@2x.png in Resources */ = {isa = PBXBuildFile; fileRef = C4A7969717850CAF00EC99AF /* icon@2x.png */; };
		C4A796AC17850CAF00EC99AF /* shadow_mask@2x.png in Resources */ = {isa = PBXBuildFile; fileRef = C4A7969817850CAF00EC99AF /* shadow_mask@2x.png */; };
		C4A796AD17850CAF00EC99AF /* RCUserGuideViewController.m in Sources */ = {isa = PBXBuildFile; fileRef = C4A7969C17850CAF00EC99AF /* RCUserGuideViewController.m */; };
		C4A796AE17850CAF00EC99AF /* RCUserGuideViewController.xib in Resources */ = {isa = PBXBuildFile; fileRef = C4A7969D17850CAF00EC99AF /* RCUserGuideViewController.xib */; };
		C4A796AF17850CAF00EC99AF /* text_1.png in Resources */ = {isa = PBXBuildFile; fileRef = C4A7969F17850CAF00EC99AF /* text_1.png */; };
		C4A796B017850CAF00EC99AF /* text_2.png in Resources */ = {isa = PBXBuildFile; fileRef = C4A796A017850CAF00EC99AF /* text_2.png */; };
		C4A796B117850CAF00EC99AF /* text_3.png in Resources */ = {isa = PBXBuildFile; fileRef = C4A796A117850CAF00EC99AF /* text_3.png */; };
		C4A796B217850CAF00EC99AF /* wall_1.png in Resources */ = {isa = PBXBuildFile; fileRef = C4A796A217850CAF00EC99AF /* wall_1.png */; };
		C4A796B317850CAF00EC99AF /* wall_2.png in Resources */ = {isa = PBXBuildFile; fileRef = C4A796A317850CAF00EC99AF /* wall_2.png */; };
		C4A796B417850CAF00EC99AF /* wall_3.png in Resources */ = {isa = PBXBuildFile; fileRef = C4A796A417850CAF00EC99AF /* wall_3.png */; };
		C4A796B517850CAF00EC99AF /* welcome_start@2x.png in Resources */ = {isa = PBXBuildFile; fileRef = C4A796A517850CAF00EC99AF /* welcome_start@2x.png */; };
		C4F2B4F61785064400B468B5 /* ChineseCalendarDB.cpp in Sources */ = {isa = PBXBuildFile; fileRef = C4F2B4F01785064400B468B5 /* ChineseCalendarDB.cpp */; };
		C4F2B4F71785064400B468B5 /* ChineseDate.cpp in Sources */ = {isa = PBXBuildFile; fileRef = C4F2B4F21785064400B468B5 /* ChineseDate.cpp */; };
		C4F2B4F81785064400B468B5 /* SolarDate.cpp in Sources */ = {isa = PBXBuildFile; fileRef = C4F2B4F41785064400B468B5 /* SolarDate.cpp */; };
		C4F2B4FB17850B7B00B468B5 /* UncaughtExceptionHandler.m in Sources */ = {isa = PBXBuildFile; fileRef = C4F2B4FA17850B7A00B468B5 /* UncaughtExceptionHandler.m */; settings = {COMPILER_FLAGS = "-fno-objc-arc"; }; };
		D10B208115CB789D0033A2DA /* CoreData.framework in Frameworks */ = {isa = PBXBuildFile; fileRef = D10B208015CB789D0033A2DA /* CoreData.framework */; };
		D10FB75515AD681100AEEBB1 /* RCFileUtil.m in Sources */ = {isa = PBXBuildFile; fileRef = D10FB75415AD681100AEEBB1 /* RCFileUtil.m */; };
		D10FB75815AD68F800AEEBB1 /* RCCoreDataUtil.m in Sources */ = {isa = PBXBuildFile; fileRef = D10FB75715AD68F700AEEBB1 /* RCCoreDataUtil.m */; };
		D1398DEA1631343E003F6A5E /* NSURL+RoCry.m in Sources */ = {isa = PBXBuildFile; fileRef = D1398DE91631343E003F6A5E /* NSURL+RoCry.m */; };
		D13A0DD21614365600FA0CAC /* UIViewController+Extensions.m in Sources */ = {isa = PBXBuildFile; fileRef = D13A0DD11614365600FA0CAC /* UIViewController+Extensions.m */; };
		D15664CF159D3FEC00C23F47 /* NSString+RoCry.m in Sources */ = {isa = PBXBuildFile; fileRef = D15664CE159D3FEC00C23F47 /* NSString+RoCry.m */; };
		D1935CE2169AA64400232062 /* UIColor+Hex.m in Sources */ = {isa = PBXBuildFile; fileRef = D1935CE1169AA64400232062 /* UIColor+Hex.m */; };
		D1CCCC0E17660BAF002AF972 /* RCUtil.m in Sources */ = {isa = PBXBuildFile; fileRef = D1CCCC0D17660BAF002AF972 /* RCUtil.m */; };
		D1CCCC151766115F002AF972 /* UIView+ACEToolKit.m in Sources */ = {isa = PBXBuildFile; fileRef = D1CCCC141766115F002AF972 /* UIView+ACEToolKit.m */; };
		D1FA792815D894FC0032F8F4 /* QuartzCore.framework in Frameworks */ = {isa = PBXBuildFile; fileRef = D1FA792715D894FB0032F8F4 /* QuartzCore.framework */; };
/* End PBXBuildFile section */

/* Begin PBXFileReference section */
		58A44AF2152FF4D10005616E /* oh-my-category.app */ = {isa = PBXFileReference; explicitFileType = wrapper.application; includeInIndex = 0; path = "oh-my-category.app"; sourceTree = BUILT_PRODUCTS_DIR; };
		58A44AF6152FF4D10005616E /* UIKit.framework */ = {isa = PBXFileReference; lastKnownFileType = wrapper.framework; name = UIKit.framework; path = System/Library/Frameworks/UIKit.framework; sourceTree = SDKROOT; };
		58A44AF8152FF4D10005616E /* Foundation.framework */ = {isa = PBXFileReference; lastKnownFileType = wrapper.framework; name = Foundation.framework; path = System/Library/Frameworks/Foundation.framework; sourceTree = SDKROOT; };
		58A44AFA152FF4D10005616E /* CoreGraphics.framework */ = {isa = PBXFileReference; lastKnownFileType = wrapper.framework; name = CoreGraphics.framework; path = System/Library/Frameworks/CoreGraphics.framework; sourceTree = SDKROOT; };
		58A44AFE152FF4D10005616E /* oh-my-category-Info.plist */ = {isa = PBXFileReference; lastKnownFileType = text.plist.xml; path = "oh-my-category-Info.plist"; sourceTree = "<group>"; };
		58A44B00152FF4D10005616E /* en */ = {isa = PBXFileReference; lastKnownFileType = text.plist.strings; name = en; path = en.lproj/InfoPlist.strings; sourceTree = "<group>"; };
		58A44B02152FF4D10005616E /* main.m */ = {isa = PBXFileReference; lastKnownFileType = sourcecode.c.objc; path = main.m; sourceTree = "<group>"; };
		58A44B04152FF4D10005616E /* oh-my-category-Prefix.pch */ = {isa = PBXFileReference; lastKnownFileType = sourcecode.c.h; path = "oh-my-category-Prefix.pch"; sourceTree = "<group>"; };
		58A44B05152FF4D10005616E /* RCAppDelegate.h */ = {isa = PBXFileReference; lastKnownFileType = sourcecode.c.h; path = RCAppDelegate.h; sourceTree = "<group>"; };
		58A44B06152FF4D10005616E /* RCAppDelegate.m */ = {isa = PBXFileReference; lastKnownFileType = sourcecode.c.objc; path = RCAppDelegate.m; sourceTree = "<group>"; };
		58A44B09152FF4D10005616E /* en */ = {isa = PBXFileReference; lastKnownFileType = file.storyboard; name = en; path = en.lproj/MainStoryboard.storyboard; sourceTree = "<group>"; };
		58A44B0B152FF4D10005616E /* RCViewController.h */ = {isa = PBXFileReference; lastKnownFileType = sourcecode.c.h; path = RCViewController.h; sourceTree = "<group>"; };
		58A44B0C152FF4D10005616E /* RCViewController.m */ = {isa = PBXFileReference; lastKnownFileType = sourcecode.c.objc; path = RCViewController.m; sourceTree = "<group>"; };
		58A44B31152FFB2A0005616E /* NSDate+ChineseBirth.mm */ = {isa = PBXFileReference; fileEncoding = 4; lastKnownFileType = sourcecode.cpp.objcpp; name = "NSDate+ChineseBirth.mm"; path = "Category/NSDate+ChineseBirth.mm"; sourceTree = "<group>"; };
		58A44B32152FFB2A0005616E /* NSDate+RoCry.m */ = {isa = PBXFileReference; fileEncoding = 4; lastKnownFileType = sourcecode.c.objc; name = "NSDate+RoCry.m"; path = "Category/NSDate+RoCry.m"; sourceTree = "<group>"; };
		58A44B33152FFB2A0005616E /* NSDate+RoCry.h */ = {isa = PBXFileReference; fileEncoding = 4; lastKnownFileType = sourcecode.c.h; name = "NSDate+RoCry.h"; path = "Category/NSDate+RoCry.h"; sourceTree = "<group>"; };
		58A44B34152FFB2A0005616E /* NSDate+ChineseBirth.h */ = {isa = PBXFileReference; fileEncoding = 4; lastKnownFileType = sourcecode.c.h; name = "NSDate+ChineseBirth.h"; path = "Category/NSDate+ChineseBirth.h"; sourceTree = "<group>"; };
		58A44B35152FFB2A0005616E /* UIView+Shake.m */ = {isa = PBXFileReference; fileEncoding = 4; lastKnownFileType = sourcecode.c.objc; name = "UIView+Shake.m"; path = "Category/UIView+Shake.m"; sourceTree = "<group>"; };
		58A44B36152FFB2A0005616E /* UIView+Shake.h */ = {isa = PBXFileReference; fileEncoding = 4; lastKnownFileType = sourcecode.c.h; name = "UIView+Shake.h"; path = "Category/UIView+Shake.h"; sourceTree = "<group>"; };
		75F15898C3CD461B9DA3A0A2 /* Pods.xcconfig */ = {isa = PBXFileReference; includeInIndex = 1; lastKnownFileType = text.xcconfig; name = Pods.xcconfig; path = Pods/Pods.xcconfig; sourceTree = SOURCE_ROOT; };
		A0F9B7F3698D45AB88A3B98D /* libPods.a */ = {isa = PBXFileReference; explicitFileType = archive.ar; includeInIndex = 0; path = libPods.a; sourceTree = BUILT_PRODUCTS_DIR; };
		C489DD7F170C355F000D7649 /* NSObject+RCRuntimeUtil.h */ = {isa = PBXFileReference; fileEncoding = 4; lastKnownFileType = sourcecode.c.h; path = "NSObject+RCRuntimeUtil.h"; sourceTree = "<group>"; };
		C489DD80170C355F000D7649 /* NSObject+RCRuntimeUtil.m */ = {isa = PBXFileReference; fileEncoding = 4; lastKnownFileType = sourcecode.c.objc; path = "NSObject+RCRuntimeUtil.m"; sourceTree = "<group>"; };
		C4A7968E17850CA600EC99AF /* RCImageView.h */ = {isa = PBXFileReference; fileEncoding = 4; lastKnownFileType = sourcecode.c.h; path = RCImageView.h; sourceTree = "<group>"; };
		C4A7968F17850CA600EC99AF /* RCImageView.m */ = {isa = PBXFileReference; fileEncoding = 4; lastKnownFileType = sourcecode.c.objc; path = RCImageView.m; sourceTree = "<group>"; };
		C4A7969217850CAF00EC99AF /* button_back@2x.png */ = {isa = PBXFileReference; lastKnownFileType = image.png; path = "button_back@2x.png"; sourceTree = "<group>"; };
		C4A7969317850CAF00EC99AF /* button_blue@2x.png */ = {isa = PBXFileReference; lastKnownFileType = image.png; path = "button_blue@2x.png"; sourceTree = "<group>"; };
		C4A7969417850CAF00EC99AF /* button_red@2x.png */ = {isa = PBXFileReference; lastKnownFileType = image.png; path = "button_red@2x.png"; sourceTree = "<group>"; };
		C4A7969517850CAF00EC99AF /* heartocat.png */ = {isa = PBXFileReference; lastKnownFileType = image.png; path = heartocat.png; sourceTree = "<group>"; };
		C4A7969617850CAF00EC99AF /* icon.png */ = {isa = PBXFileReference; lastKnownFileType = image.png; path = icon.png; sourceTree = "<group>"; };
		C4A7969717850CAF00EC99AF /* icon@2x.png */ = {isa = PBXFileReference; lastKnownFileType = image.png; path = "icon@2x.png"; sourceTree = "<group>"; };
		C4A7969817850CAF00EC99AF /* shadow_mask@2x.png */ = {isa = PBXFileReference; lastKnownFileType = image.png; path = "shadow_mask@2x.png"; sourceTree = "<group>"; };
		C4A7969B17850CAF00EC99AF /* RCUserGuideViewController.h */ = {isa = PBXFileReference; fileEncoding = 4; lastKnownFileType = sourcecode.c.h; path = RCUserGuideViewController.h; sourceTree = "<group>"; };
		C4A7969C17850CAF00EC99AF /* RCUserGuideViewController.m */ = {isa = PBXFileReference; fileEncoding = 4; lastKnownFileType = sourcecode.c.objc; path = RCUserGuideViewController.m; sourceTree = "<group>"; };
		C4A7969D17850CAF00EC99AF /* RCUserGuideViewController.xib */ = {isa = PBXFileReference; fileEncoding = 4; lastKnownFileType = file.xib; path = RCUserGuideViewController.xib; sourceTree = "<group>"; };
		C4A7969F17850CAF00EC99AF /* text_1.png */ = {isa = PBXFileReference; lastKnownFileType = image.png; path = text_1.png; sourceTree = "<group>"; };
		C4A796A017850CAF00EC99AF /* text_2.png */ = {isa = PBXFileReference; lastKnownFileType = image.png; path = text_2.png; sourceTree = "<group>"; };
		C4A796A117850CAF00EC99AF /* text_3.png */ = {isa = PBXFileReference; lastKnownFileType = image.png; path = text_3.png; sourceTree = "<group>"; };
		C4A796A217850CAF00EC99AF /* wall_1.png */ = {isa = PBXFileReference; lastKnownFileType = image.png; path = wall_1.png; sourceTree = "<group>"; };
		C4A796A317850CAF00EC99AF /* wall_2.png */ = {isa = PBXFileReference; lastKnownFileType = image.png; path = wall_2.png; sourceTree = "<group>"; };
		C4A796A417850CAF00EC99AF /* wall_3.png */ = {isa = PBXFileReference; lastKnownFileType = image.png; path = wall_3.png; sourceTree = "<group>"; };
		C4A796A517850CAF00EC99AF /* welcome_start@2x.png */ = {isa = PBXFileReference; lastKnownFileType = image.png; path = "welcome_start@2x.png"; sourceTree = "<group>"; };
		C4F2B4F01785064400B468B5 /* ChineseCalendarDB.cpp */ = {isa = PBXFileReference; fileEncoding = 4; lastKnownFileType = sourcecode.cpp.cpp; path = ChineseCalendarDB.cpp; sourceTree = "<group>"; };
		C4F2B4F11785064400B468B5 /* ChineseCalendarDB.h */ = {isa = PBXFileReference; fileEncoding = 4; lastKnownFileType = sourcecode.c.h; path = ChineseCalendarDB.h; sourceTree = "<group>"; };
		C4F2B4F21785064400B468B5 /* ChineseDate.cpp */ = {isa = PBXFileReference; fileEncoding = 4; lastKnownFileType = sourcecode.cpp.cpp; path = ChineseDate.cpp; sourceTree = "<group>"; };
		C4F2B4F31785064400B468B5 /* ChineseDate.h */ = {isa = PBXFileReference; fileEncoding = 4; lastKnownFileType = sourcecode.c.h; path = ChineseDate.h; sourceTree = "<group>"; };
		C4F2B4F41785064400B468B5 /* SolarDate.cpp */ = {isa = PBXFileReference; fileEncoding = 4; lastKnownFileType = sourcecode.cpp.cpp; path = SolarDate.cpp; sourceTree = "<group>"; };
		C4F2B4F51785064400B468B5 /* SolarDate.h */ = {isa = PBXFileReference; fileEncoding = 4; lastKnownFileType = sourcecode.c.h; path = SolarDate.h; sourceTree = "<group>"; };
		C4F2B4F917850B7900B468B5 /* UncaughtExceptionHandler.h */ = {isa = PBXFileReference; fileEncoding = 4; lastKnownFileType = sourcecode.c.h; path = UncaughtExceptionHandler.h; sourceTree = "<group>"; };
		C4F2B4FA17850B7A00B468B5 /* UncaughtExceptionHandler.m */ = {isa = PBXFileReference; fileEncoding = 4; lastKnownFileType = sourcecode.c.objc; path = UncaughtExceptionHandler.m; sourceTree = "<group>"; };
		D10B208015CB789D0033A2DA /* CoreData.framework */ = {isa = PBXFileReference; lastKnownFileType = wrapper.framework; name = CoreData.framework; path = System/Library/Frameworks/CoreData.framework; sourceTree = SDKROOT; };
		D10FB75315AD681100AEEBB1 /* RCFileUtil.h */ = {isa = PBXFileReference; fileEncoding = 4; lastKnownFileType = sourcecode.c.h; path = RCFileUtil.h; sourceTree = "<group>"; };
		D10FB75415AD681100AEEBB1 /* RCFileUtil.m */ = {isa = PBXFileReference; fileEncoding = 4; lastKnownFileType = sourcecode.c.objc; path = RCFileUtil.m; sourceTree = "<group>"; };
		D10FB75615AD68F700AEEBB1 /* RCCoreDataUtil.h */ = {isa = PBXFileReference; fileEncoding = 4; lastKnownFileType = sourcecode.c.h; path = RCCoreDataUtil.h; sourceTree = "<group>"; };
		D10FB75715AD68F700AEEBB1 /* RCCoreDataUtil.m */ = {isa = PBXFileReference; fileEncoding = 4; lastKnownFileType = sourcecode.c.objc; path = RCCoreDataUtil.m; sourceTree = "<group>"; };
		D1398DE81631343E003F6A5E /* NSURL+RoCry.h */ = {isa = PBXFileReference; fileEncoding = 4; lastKnownFileType = sourcecode.c.h; name = "NSURL+RoCry.h"; path = "Category/NSURL+RoCry.h"; sourceTree = "<group>"; };
		D1398DE91631343E003F6A5E /* NSURL+RoCry.m */ = {isa = PBXFileReference; fileEncoding = 4; lastKnownFileType = sourcecode.c.objc; name = "NSURL+RoCry.m"; path = "Category/NSURL+RoCry.m"; sourceTree = "<group>"; };
		D13A0DD01614365600FA0CAC /* UIViewController+Extensions.h */ = {isa = PBXFileReference; fileEncoding = 4; lastKnownFileType = sourcecode.c.h; name = "UIViewController+Extensions.h"; path = "Category/UIViewController+Extensions.h"; sourceTree = "<group>"; };
		D13A0DD11614365600FA0CAC /* UIViewController+Extensions.m */ = {isa = PBXFileReference; fileEncoding = 4; lastKnownFileType = sourcecode.c.objc; name = "UIViewController+Extensions.m"; path = "Category/UIViewController+Extensions.m"; sourceTree = "<group>"; };
		D13F76D015B25ACB008595EC /* Constants.h */ = {isa = PBXFileReference; lastKnownFileType = sourcecode.c.h; name = Constants.h; path = Macros/Constants.h; sourceTree = "<group>"; };
		D13F76D115B25EBD008595EC /* MacrosFunc.h */ = {isa = PBXFileReference; lastKnownFileType = sourcecode.c.h; name = MacrosFunc.h; path = Macros/MacrosFunc.h; sourceTree = "<group>"; };
		D15664CD159D3FEC00C23F47 /* NSString+RoCry.h */ = {isa = PBXFileReference; fileEncoding = 4; lastKnownFileType = sourcecode.c.h; name = "NSString+RoCry.h"; path = "Category/NSString+RoCry.h"; sourceTree = "<group>"; };
		D15664CE159D3FEC00C23F47 /* NSString+RoCry.m */ = {isa = PBXFileReference; fileEncoding = 4; lastKnownFileType = sourcecode.c.objc; name = "NSString+RoCry.m"; path = "Category/NSString+RoCry.m"; sourceTree = "<group>"; };
		D1935CE0169AA64400232062 /* UIColor+Hex.h */ = {isa = PBXFileReference; fileEncoding = 4; lastKnownFileType = sourcecode.c.h; name = "UIColor+Hex.h"; path = "Category/UIColor+Hex.h"; sourceTree = "<group>"; };
		D1935CE1169AA64400232062 /* UIColor+Hex.m */ = {isa = PBXFileReference; fileEncoding = 4; lastKnownFileType = sourcecode.c.objc; name = "UIColor+Hex.m"; path = "Category/UIColor+Hex.m"; sourceTree = "<group>"; };
		D1CCCC0C17660BAF002AF972 /* RCUtil.h */ = {isa = PBXFileReference; fileEncoding = 4; lastKnownFileType = sourcecode.c.h; path = RCUtil.h; sourceTree = "<group>"; };
		D1CCCC0D17660BAF002AF972 /* RCUtil.m */ = {isa = PBXFileReference; fileEncoding = 4; lastKnownFileType = sourcecode.c.objc; path = RCUtil.m; sourceTree = "<group>"; };
		D1CCCC131766115F002AF972 /* UIView+ACEToolKit.h */ = {isa = PBXFileReference; fileEncoding = 4; lastKnownFileType = sourcecode.c.h; path = "UIView+ACEToolKit.h"; sourceTree = "<group>"; };
		D1CCCC141766115F002AF972 /* UIView+ACEToolKit.m */ = {isa = PBXFileReference; fileEncoding = 4; lastKnownFileType = sourcecode.c.objc; path = "UIView+ACEToolKit.m"; sourceTree = "<group>"; };
		D1FA792715D894FB0032F8F4 /* QuartzCore.framework */ = {isa = PBXFileReference; lastKnownFileType = wrapper.framework; name = QuartzCore.framework; path = System/Library/Frameworks/QuartzCore.framework; sourceTree = SDKROOT; };
/* End PBXFileReference section */

/* Begin PBXFrameworksBuildPhase section */
		58A44AEF152FF4D10005616E /* Frameworks */ = {
			isa = PBXFrameworksBuildPhase;
			buildActionMask = 2147483647;
			files = (
				D1FA792815D894FC0032F8F4 /* QuartzCore.framework in Frameworks */,
				D10B208115CB789D0033A2DA /* CoreData.framework in Frameworks */,
				58A44AF7152FF4D10005616E /* UIKit.framework in Frameworks */,
				58A44AF9152FF4D10005616E /* Foundation.framework in Frameworks */,
				58A44AFB152FF4D10005616E /* CoreGraphics.framework in Frameworks */,
				49C0F41996AB43CEA25E8AC0 /* libPods.a in Frameworks */,
			);
			runOnlyForDeploymentPostprocessing = 0;
		};
/* End PBXFrameworksBuildPhase section */

/* Begin PBXGroup section */
		58A44AE7152FF4D10005616E = {
			isa = PBXGroup;
			children = (
				C4F2B4EF178505F200B468B5 /* Classes */,
				58A44AFC152FF4D10005616E /* Demo */,
				58A44AF5152FF4D10005616E /* Frameworks */,
				58A44AF3152FF4D10005616E /* Products */,
				75F15898C3CD461B9DA3A0A2 /* Pods.xcconfig */,
			);
			sourceTree = "<group>";
		};
		58A44AF3152FF4D10005616E /* Products */ = {
			isa = PBXGroup;
			children = (
				58A44AF2152FF4D10005616E /* oh-my-category.app */,
			);
			name = Products;
			sourceTree = "<group>";
		};
		58A44AF5152FF4D10005616E /* Frameworks */ = {
			isa = PBXGroup;
			children = (
				D1FA792715D894FB0032F8F4 /* QuartzCore.framework */,
				D10B208015CB789D0033A2DA /* CoreData.framework */,
				58A44AF6152FF4D10005616E /* UIKit.framework */,
				58A44AF8152FF4D10005616E /* Foundation.framework */,
				58A44AFA152FF4D10005616E /* CoreGraphics.framework */,
				A0F9B7F3698D45AB88A3B98D /* libPods.a */,
			);
			name = Frameworks;
			sourceTree = "<group>";
		};
		58A44AFC152FF4D10005616E /* Demo */ = {
			isa = PBXGroup;
			children = (
				C4A7969117850CAF00EC99AF /* RelatedResources */,
				C4A7969917850CAF00EC99AF /* SomeBaseViewControllers */,
				C4A7968D17850CA600EC99AF /* CustomViews */,
				C4F2B4F917850B7900B468B5 /* UncaughtExceptionHandler.h */,
				C4F2B4FA17850B7A00B468B5 /* UncaughtExceptionHandler.m */,
				58A44B05152FF4D10005616E /* RCAppDelegate.h */,
				58A44B06152FF4D10005616E /* RCAppDelegate.m */,
				58A44B08152FF4D10005616E /* MainStoryboard.storyboard */,
				58A44B0B152FF4D10005616E /* RCViewController.h */,
				58A44B0C152FF4D10005616E /* RCViewController.m */,
				58A44AFD152FF4D10005616E /* Supporting Files */,
			);
			name = Demo;
			path = "oh-my-category";
			sourceTree = "<group>";
		};
		58A44AFD152FF4D10005616E /* Supporting Files */ = {
			isa = PBXGroup;
			children = (
				58A44AFE152FF4D10005616E /* oh-my-category-Info.plist */,
				58A44AFF152FF4D10005616E /* InfoPlist.strings */,
				58A44B02152FF4D10005616E /* main.m */,
				58A44B04152FF4D10005616E /* oh-my-category-Prefix.pch */,
			);
			name = "Supporting Files";
			sourceTree = "<group>";
		};
		58A44B16152FF5410005616E /* Category */ = {
			isa = PBXGroup;
			children = (
				D1CCCC121766115E002AF972 /* CategoriesByOthers */,
				D1398DE81631343E003F6A5E /* NSURL+RoCry.h */,
				D1398DE91631343E003F6A5E /* NSURL+RoCry.m */,
				D15664CD159D3FEC00C23F47 /* NSString+RoCry.h */,
				D15664CE159D3FEC00C23F47 /* NSString+RoCry.m */,
				58A44B33152FFB2A0005616E /* NSDate+RoCry.h */,
				58A44B32152FFB2A0005616E /* NSDate+RoCry.m */,
				58A44B34152FFB2A0005616E /* NSDate+ChineseBirth.h */,
				58A44B31152FFB2A0005616E /* NSDate+ChineseBirth.mm */,
				58A44B36152FFB2A0005616E /* UIView+Shake.h */,
				58A44B35152FFB2A0005616E /* UIView+Shake.m */,
				D13A0DD01614365600FA0CAC /* UIViewController+Extensions.h */,
				D13A0DD11614365600FA0CAC /* UIViewController+Extensions.m */,
				D1935CE0169AA64400232062 /* UIColor+Hex.h */,
				D1935CE1169AA64400232062 /* UIColor+Hex.m */,
			);
			name = Category;
			sourceTree = "<group>";
		};
		58A44B17152FF55E0005616E /* solar_chinese_calendar */ = {
			isa = PBXGroup;
			children = (
				C4F2B4F01785064400B468B5 /* ChineseCalendarDB.cpp */,
				C4F2B4F11785064400B468B5 /* ChineseCalendarDB.h */,
				C4F2B4F21785064400B468B5 /* ChineseDate.cpp */,
				C4F2B4F31785064400B468B5 /* ChineseDate.h */,
				C4F2B4F41785064400B468B5 /* SolarDate.cpp */,
				C4F2B4F51785064400B468B5 /* SolarDate.h */,
			);
			path = solar_chinese_calendar;
			sourceTree = "<group>";
		};
		58A44B21152FF5610005616E /* OtherClassRelated */ = {
			isa = PBXGroup;
			children = (
				58A44B17152FF55E0005616E /* solar_chinese_calendar */,
			);
			path = OtherClassRelated;
			sourceTree = "<group>";
		};
		C4A7968D17850CA600EC99AF /* CustomViews */ = {
			isa = PBXGroup;
			children = (
				C4A7968E17850CA600EC99AF /* RCImageView.h */,
				C4A7968F17850CA600EC99AF /* RCImageView.m */,
			);
			path = CustomViews;
			sourceTree = "<group>";
		};
		C4A7969117850CAF00EC99AF /* RelatedResources */ = {
			isa = PBXGroup;
			children = (
				C4A7969217850CAF00EC99AF /* button_back@2x.png */,
				C4A7969317850CAF00EC99AF /* button_blue@2x.png */,
				C4A7969417850CAF00EC99AF /* button_red@2x.png */,
				C4A7969517850CAF00EC99AF /* heartocat.png */,
				C4A7969617850CAF00EC99AF /* icon.png */,
				C4A7969717850CAF00EC99AF /* icon@2x.png */,
				C4A7969817850CAF00EC99AF /* shadow_mask@2x.png */,
			);
			path = RelatedResources;
			sourceTree = "<group>";
		};
		C4A7969917850CAF00EC99AF /* SomeBaseViewControllers */ = {
			isa = PBXGroup;
			children = (
				C4A7969A17850CAF00EC99AF /* RCUserGuide */,
			);
			path = SomeBaseViewControllers;
			sourceTree = "<group>";
		};
		C4A7969A17850CAF00EC99AF /* RCUserGuide */ = {
			isa = PBXGroup;
			children = (
				C4A7969B17850CAF00EC99AF /* RCUserGuideViewController.h */,
				C4A7969C17850CAF00EC99AF /* RCUserGuideViewController.m */,
				C4A7969D17850CAF00EC99AF /* RCUserGuideViewController.xib */,
				C4A7969E17850CAF00EC99AF /* UserGuideResources */,
			);
			path = RCUserGuide;
			sourceTree = "<group>";
		};
		C4A7969E17850CAF00EC99AF /* UserGuideResources */ = {
			isa = PBXGroup;
			children = (
				C4A7969F17850CAF00EC99AF /* text_1.png */,
				C4A796A017850CAF00EC99AF /* text_2.png */,
				C4A796A117850CAF00EC99AF /* text_3.png */,
				C4A796A217850CAF00EC99AF /* wall_1.png */,
				C4A796A317850CAF00EC99AF /* wall_2.png */,
				C4A796A417850CAF00EC99AF /* wall_3.png */,
				C4A796A517850CAF00EC99AF /* welcome_start@2x.png */,
			);
			path = UserGuideResources;
			sourceTree = "<group>";
		};
		C4F2B4EF178505F200B468B5 /* Classes */ = {
			isa = PBXGroup;
			children = (
				D16BA34615F599E80062D74F /* Misc */,
				D13F76D215B25EC1008595EC /* Macros */,
				D10FB75115AD67F700AEEBB1 /* Utils */,
				58A44B21152FF5610005616E /* OtherClassRelated */,
				58A44B16152FF5410005616E /* Category */,
			);
			path = Classes;
			sourceTree = "<group>";
		};
		D10FB75115AD67F700AEEBB1 /* Utils */ = {
			isa = PBXGroup;
			children = (
				D10FB75315AD681100AEEBB1 /* RCFileUtil.h */,
				D10FB75415AD681100AEEBB1 /* RCFileUtil.m */,
				D10FB75615AD68F700AEEBB1 /* RCCoreDataUtil.h */,
				D10FB75715AD68F700AEEBB1 /* RCCoreDataUtil.m */,
				C489DD7F170C355F000D7649 /* NSObject+RCRuntimeUtil.h */,
				C489DD80170C355F000D7649 /* NSObject+RCRuntimeUtil.m */,
				D1CCCC0C17660BAF002AF972 /* RCUtil.h */,
				D1CCCC0D17660BAF002AF972 /* RCUtil.m */,
			);
			path = Utils;
			sourceTree = "<group>";
		};
		D13F76D215B25EC1008595EC /* Macros */ = {
			isa = PBXGroup;
			children = (
				D13F76D115B25EBD008595EC /* MacrosFunc.h */,
				D13F76D015B25ACB008595EC /* Constants.h */,
			);
			name = Macros;
			sourceTree = "<group>";
		};
		D16BA34615F599E80062D74F /* Misc */ = {
			isa = PBXGroup;
			children = (
			);
			path = Misc;
			sourceTree = "<group>";
		};
		D1CCCC121766115E002AF972 /* CategoriesByOthers */ = {
			isa = PBXGroup;
			children = (
				D1CCCC131766115F002AF972 /* UIView+ACEToolKit.h */,
				D1CCCC141766115F002AF972 /* UIView+ACEToolKit.m */,
			);
			name = CategoriesByOthers;
			path = Category/CategoriesByOthers;
			sourceTree = "<group>";
		};
/* End PBXGroup section */

/* Begin PBXNativeTarget section */
		58A44AF1152FF4D10005616E /* oh-my-category */ = {
			isa = PBXNativeTarget;
			buildConfigurationList = 58A44B10152FF4D10005616E /* Build configuration list for PBXNativeTarget "oh-my-category" */;
			buildPhases = (
				0B211F2E6FAF41898435D672 /* Check Pods Manifest.lock */,
				58A44AEE152FF4D10005616E /* Sources */,
				58A44AEF152FF4D10005616E /* Frameworks */,
				58A44AF0152FF4D10005616E /* Resources */,
				D19F0ABE177554F500AC79F0 /* ShellScript */,
				D569F6E3B2B54EC7BE67FC53 /* Copy Pods Resources */,
			);
			buildRules = (
			);
			dependencies = (
			);
			name = "oh-my-category";
			productName = "oh-my-category";
			productReference = 58A44AF2152FF4D10005616E /* oh-my-category.app */;
			productType = "com.apple.product-type.application";
		};
/* End PBXNativeTarget section */

/* Begin PBXProject section */
		58A44AE9152FF4D10005616E /* Project object */ = {
			isa = PBXProject;
			attributes = {
				CLASSPREFIX = RC;
				LastUpgradeCheck = 0430;
				ORGANIZATIONNAME = 7782;
			};
			buildConfigurationList = 58A44AEC152FF4D10005616E /* Build configuration list for PBXProject "oh-my-category" */;
			compatibilityVersion = "Xcode 3.2";
			developmentRegion = English;
			hasScannedForEncodings = 0;
			knownRegions = (
				en,
			);
			mainGroup = 58A44AE7152FF4D10005616E;
			productRefGroup = 58A44AF3152FF4D10005616E /* Products */;
			projectDirPath = "";
			projectRoot = "";
			targets = (
				58A44AF1152FF4D10005616E /* oh-my-category */,
			);
		};
/* End PBXProject section */

/* Begin PBXResourcesBuildPhase section */
		58A44AF0152FF4D10005616E /* Resources */ = {
			isa = PBXResourcesBuildPhase;
			buildActionMask = 2147483647;
			files = (
				58A44B01152FF4D10005616E /* InfoPlist.strings in Resources */,
				58A44B0A152FF4D10005616E /* MainStoryboard.storyboard in Resources */,
				C4A796A617850CAF00EC99AF /* button_back@2x.png in Resources */,
				C4A796A717850CAF00EC99AF /* button_blue@2x.png in Resources */,
				C4A796A817850CAF00EC99AF /* button_red@2x.png in Resources */,
				C4A796A917850CAF00EC99AF /* heartocat.png in Resources */,
				C4A796AA17850CAF00EC99AF /* icon.png in Resources */,
				C4A796AB17850CAF00EC99AF /* icon@2x.png in Resources */,
				C4A796AC17850CAF00EC99AF /* shadow_mask@2x.png in Resources */,
				C4A796AE17850CAF00EC99AF /* RCUserGuideViewController.xib in Resources */,
				C4A796AF17850CAF00EC99AF /* text_1.png in Resources */,
				C4A796B017850CAF00EC99AF /* text_2.png in Resources */,
				C4A796B117850CAF00EC99AF /* text_3.png in Resources */,
				C4A796B217850CAF00EC99AF /* wall_1.png in Resources */,
				C4A796B317850CAF00EC99AF /* wall_2.png in Resources */,
				C4A796B417850CAF00EC99AF /* wall_3.png in Resources */,
				C4A796B517850CAF00EC99AF /* welcome_start@2x.png in Resources */,
			);
			runOnlyForDeploymentPostprocessing = 0;
		};
/* End PBXResourcesBuildPhase section */

/* Begin PBXShellScriptBuildPhase section */
		0B211F2E6FAF41898435D672 /* Check Pods Manifest.lock */ = {
			isa = PBXShellScriptBuildPhase;
			buildActionMask = 2147483647;
			files = (
			);
			inputPaths = (
			);
			name = "Check Pods Manifest.lock";
			outputPaths = (
			);
			runOnlyForDeploymentPostprocessing = 0;
			shellPath = /bin/sh;
			shellScript = "diff \"${PODS_ROOT}/../Podfile.lock\" \"${PODS_ROOT}/Manifest.lock\" > /dev/null\nif [[ $? != 0 ]] ; then\n    cat << EOM\nerror: The sandbox is not in sync with the Podfile.lock. Run 'pod install' or update your CocoaPods installation.\nEOM\n    exit 1\nfi\n";
		};
		D19F0ABE177554F500AC79F0 /* ShellScript */ = {
			isa = PBXShellScriptBuildPhase;
			buildActionMask = 2147483647;
			files = (
			);
			inputPaths = (
			);
			outputPaths = (
			);
			runOnlyForDeploymentPostprocessing = 0;
			shellPath = /bin/sh;
			shellScript = "#from http://imi.im/122\n#Git 版本数\nVERSION_NUMBER=`git rev-list head | sort | wc -l | awk '{print $1}'`\n#VERSION_HASH=`git rev-list head | head -1`\n\necho $VERSION_NUMBER\n#echo $VERSION_HASH\n\n##加入版本号\n/usr/libexec/PlistBuddy -c \"Set :CFBundleVersion ${VERSION_NUMBER}\" \"${TARGET_BUILD_DIR}/${INFOPLIST_PATH}\"";
		};
		D569F6E3B2B54EC7BE67FC53 /* Copy Pods Resources */ = {
			isa = PBXShellScriptBuildPhase;
			buildActionMask = 2147483647;
			files = (
			);
			inputPaths = (
			);
			name = "Copy Pods Resources";
			outputPaths = (
			);
			runOnlyForDeploymentPostprocessing = 0;
			shellPath = /bin/sh;
			shellScript = "\"${SRCROOT}/Pods/Pods-resources.sh\"\n";
		};
/* End PBXShellScriptBuildPhase section */

/* Begin PBXSourcesBuildPhase section */
		58A44AEE152FF4D10005616E /* Sources */ = {
			isa = PBXSourcesBuildPhase;
			buildActionMask = 2147483647;
			files = (
				58A44B03152FF4D10005616E /* main.m in Sources */,
				58A44B07152FF4D10005616E /* RCAppDelegate.m in Sources */,
				58A44B0D152FF4D10005616E /* RCViewController.m in Sources */,
				58A44B37152FFB2A0005616E /* NSDate+ChineseBirth.mm in Sources */,
				58A44B38152FFB2A0005616E /* NSDate+RoCry.m in Sources */,
				58A44B39152FFB2A0005616E /* UIView+Shake.m in Sources */,
				D15664CF159D3FEC00C23F47 /* NSString+RoCry.m in Sources */,
				D10FB75515AD681100AEEBB1 /* RCFileUtil.m in Sources */,
				D10FB75815AD68F800AEEBB1 /* RCCoreDataUtil.m in Sources */,
				D13A0DD21614365600FA0CAC /* UIViewController+Extensions.m in Sources */,
				D1398DEA1631343E003F6A5E /* NSURL+RoCry.m in Sources */,
				D1935CE2169AA64400232062 /* UIColor+Hex.m in Sources */,
				C489DD81170C355F000D7649 /* NSObject+RCRuntimeUtil.m in Sources */,
				D1CCCC0E17660BAF002AF972 /* RCUtil.m in Sources */,
				D1CCCC151766115F002AF972 /* UIView+ACEToolKit.m in Sources */,
				C4F2B4F61785064400B468B5 /* ChineseCalendarDB.cpp in Sources */,
				C4F2B4F71785064400B468B5 /* ChineseDate.cpp in Sources */,
				C4F2B4F81785064400B468B5 /* SolarDate.cpp in Sources */,
				C4F2B4FB17850B7B00B468B5 /* UncaughtExceptionHandler.m in Sources */,
				C4A7969017850CA600EC99AF /* RCImageView.m in Sources */,
				C4A796AD17850CAF00EC99AF /* RCUserGuideViewController.m in Sources */,
			);
			runOnlyForDeploymentPostprocessing = 0;
		};
/* End PBXSourcesBuildPhase section */

/* Begin PBXVariantGroup section */
		58A44AFF152FF4D10005616E /* InfoPlist.strings */ = {
			isa = PBXVariantGroup;
			children = (
				58A44B00152FF4D10005616E /* en */,
			);
			name = InfoPlist.strings;
			sourceTree = "<group>";
		};
		58A44B08152FF4D10005616E /* MainStoryboard.storyboard */ = {
			isa = PBXVariantGroup;
			children = (
				58A44B09152FF4D10005616E /* en */,
			);
			name = MainStoryboard.storyboard;
			sourceTree = "<group>";
		};
/* End PBXVariantGroup section */

/* Begin XCBuildConfiguration section */
		58A44B0E152FF4D10005616E /* Debug */ = {
			isa = XCBuildConfiguration;
			buildSettings = {
				ALWAYS_SEARCH_USER_PATHS = NO;
				ARCHS = "$(ARCHS_STANDARD_32_BIT)";
				CLANG_ENABLE_OBJC_ARC = YES;
				"CODE_SIGN_IDENTITY[sdk=iphoneos*]" = "iPhone Developer";
				COPY_PHASE_STRIP = NO;
				GCC_C_LANGUAGE_STANDARD = gnu99;
				GCC_DYNAMIC_NO_PIC = NO;
				GCC_OPTIMIZATION_LEVEL = 0;
				GCC_PREPROCESSOR_DEFINITIONS = (
					"DEBUG=1",
					"$(inherited)",
				);
				GCC_SYMBOLS_PRIVATE_EXTERN = NO;
				GCC_VERSION = com.apple.compilers.llvm.clang.1_0;
				GCC_WARN_ABOUT_RETURN_TYPE = YES;
				GCC_WARN_UNINITIALIZED_AUTOS = YES;
				GCC_WARN_UNUSED_VARIABLE = YES;
				IPHONEOS_DEPLOYMENT_TARGET = 5.1;
				SDKROOT = iphoneos;
			};
			name = Debug;
		};
		58A44B0F152FF4D10005616E /* Release */ = {
			isa = XCBuildConfiguration;
			buildSettings = {
				ALWAYS_SEARCH_USER_PATHS = NO;
				ARCHS = "$(ARCHS_STANDARD_32_BIT)";
				CLANG_ENABLE_OBJC_ARC = YES;
				"CODE_SIGN_IDENTITY[sdk=iphoneos*]" = "iPhone Developer";
				COPY_PHASE_STRIP = YES;
				GCC_C_LANGUAGE_STANDARD = gnu99;
				GCC_VERSION = com.apple.compilers.llvm.clang.1_0;
				GCC_WARN_ABOUT_RETURN_TYPE = YES;
				GCC_WARN_UNINITIALIZED_AUTOS = YES;
				GCC_WARN_UNUSED_VARIABLE = YES;
				IPHONEOS_DEPLOYMENT_TARGET = 5.1;
				OTHER_CFLAGS = "-DNS_BLOCK_ASSERTIONS=1";
				SDKROOT = iphoneos;
				VALIDATE_PRODUCT = YES;
			};
			name = Release;
		};
		58A44B11152FF4D10005616E /* Debug */ = {
			isa = XCBuildConfiguration;
			baseConfigurationReference = 75F15898C3CD461B9DA3A0A2 /* Pods.xcconfig */;
			buildSettings = {
				GCC_PRECOMPILE_PREFIX_HEADER = YES;
				GCC_PREFIX_HEADER = "oh-my-category/oh-my-category-Prefix.pch";
				INFOPLIST_FILE = "oh-my-category/oh-my-category-Info.plist";
				PRODUCT_NAME = "$(TARGET_NAME)";
				WRAPPER_EXTENSION = app;
			};
			name = Debug;
		};
		58A44B12152FF4D10005616E /* Release */ = {
			isa = XCBuildConfiguration;
			baseConfigurationReference = 75F15898C3CD461B9DA3A0A2 /* Pods.xcconfig */;
			buildSettings = {
				GCC_PRECOMPILE_PREFIX_HEADER = YES;
				GCC_PREFIX_HEADER = "oh-my-category/oh-my-category-Prefix.pch";
				INFOPLIST_FILE = "oh-my-category/oh-my-category-Info.plist";
				PRODUCT_NAME = "$(TARGET_NAME)";
				WRAPPER_EXTENSION = app;
			};
			name = Release;
		};
/* End XCBuildConfiguration section */

/* Begin XCConfigurationList section */
		58A44AEC152FF4D10005616E /* Build configuration list for PBXProject "oh-my-category" */ = {
			isa = XCConfigurationList;
			buildConfigurations = (
				58A44B0E152FF4D10005616E /* Debug */,
				58A44B0F152FF4D10005616E /* Release */,
			);
			defaultConfigurationIsVisible = 0;
			defaultConfigurationName = Release;
		};
		58A44B10152FF4D10005616E /* Build configuration list for PBXNativeTarget "oh-my-category" */ = {
			isa = XCConfigurationList;
			buildConfigurations = (
				58A44B11152FF4D10005616E /* Debug */,
				58A44B12152FF4D10005616E /* Release */,
			);
			defaultConfigurationIsVisible = 0;
			defaultConfigurationName = Release;
		};
/* End XCConfigurationList section */
	};
	rootObject = 58A44AE9152FF4D10005616E /* Project object */;
}
