// !$*UTF8*$!
{
	archiveVersion = 1;
	classes = {
	};
	objectVersion = 46;
	objects = {

/* Begin PBXBuildFile section */
		58A44AF7152FF4D10005616E /* UIKit.framework in Frameworks */ = {isa = PBXBuildFile; fileRef = 58A44AF6152FF4D10005616E /* UIKit.framework */; };
		58A44AF9152FF4D10005616E /* Foundation.framework in Frameworks */ = {isa = PBXBuildFile; fileRef = 58A44AF8152FF4D10005616E /* Foundation.framework */; };
		58A44AFB152FF4D10005616E /* CoreGraphics.framework in Frameworks */ = {isa = PBXBuildFile; fileRef = 58A44AFA152FF4D10005616E /* CoreGraphics.framework */; };
		58A44B01152FF4D10005616E /* InfoPlist.strings in Resources */ = {isa = PBXBuildFile; fileRef = 58A44AFF152FF4D10005616E /* InfoPlist.strings */; };
		58A44B03152FF4D10005616E /* main.m in Sources */ = {isa = PBXBuildFile; fileRef = 58A44B02152FF4D10005616E /* main.m */; };
		58A44B07152FF4D10005616E /* RCAppDelegate.m in Sources */ = {isa = PBXBuildFile; fileRef = 58A44B06152FF4D10005616E /* RCAppDelegate.m */; };
		58A44B0A152FF4D10005616E /* MainStoryboard.storyboard in Resources */ = {isa = PBXBuildFile; fileRef = 58A44B08152FF4D10005616E /* MainStoryboard.storyboard */; };
		58A44B0D152FF4D10005616E /* RCViewController.m in Sources */ = {isa = PBXBuildFile; fileRef = 58A44B0C152FF4D10005616E /* RCViewController.m */; };
		58A44B37152FFB2A0005616E /* NSDate+ChineseBirth.mm in Sources */ = {isa = PBXBuildFile; fileRef = 58A44B31152FFB2A0005616E /* NSDate+ChineseBirth.mm */; };
		58A44B38152FFB2A0005616E /* NSDate+RoCry.m in Sources */ = {isa = PBXBuildFile; fileRef = 58A44B32152FFB2A0005616E /* NSDate+RoCry.m */; };
		58A44B39152FFB2A0005616E /* UIView+Shake.m in Sources */ = {isa = PBXBuildFile; fileRef = 58A44B35152FFB2A0005616E /* UIView+Shake.m */; };
		58A44B40152FFB370005616E /* ChineseCalendarDB.cpp in Sources */ = {isa = PBXBuildFile; fileRef = 58A44B3B152FFB370005616E /* ChineseCalendarDB.cpp */; };
		58A44B41152FFB370005616E /* SolarDate.cpp in Sources */ = {isa = PBXBuildFile; fileRef = 58A44B3E152FFB370005616E /* SolarDate.cpp */; };
		58A44B42152FFB370005616E /* ChineseDate.cpp in Sources */ = {isa = PBXBuildFile; fileRef = 58A44B3F152FFB370005616E /* ChineseDate.cpp */; };
		C489DD81170C355F000D7649 /* NSObject+RCRuntimeUtil.m in Sources */ = {isa = PBXBuildFile; fileRef = C489DD80170C355F000D7649 /* NSObject+RCRuntimeUtil.m */; };
		D10B208115CB789D0033A2DA /* CoreData.framework in Frameworks */ = {isa = PBXBuildFile; fileRef = D10B208015CB789D0033A2DA /* CoreData.framework */; };
		D10FB75515AD681100AEEBB1 /* RCFileUtil.m in Sources */ = {isa = PBXBuildFile; fileRef = D10FB75415AD681100AEEBB1 /* RCFileUtil.m */; };
		D10FB75815AD68F800AEEBB1 /* RCCoreDataUtil.m in Sources */ = {isa = PBXBuildFile; fileRef = D10FB75715AD68F700AEEBB1 /* RCCoreDataUtil.m */; };
		D1398DEA1631343E003F6A5E /* NSURL+RoCry.m in Sources */ = {isa = PBXBuildFile; fileRef = D1398DE91631343E003F6A5E /* NSURL+RoCry.m */; };
		D13A0DD21614365600FA0CAC /* UIViewController+Extensions.m in Sources */ = {isa = PBXBuildFile; fileRef = D13A0DD11614365600FA0CAC /* UIViewController+Extensions.m */; };
		D15664CF159D3FEC00C23F47 /* NSString+RoCry.m in Sources */ = {isa = PBXBuildFile; fileRef = D15664CE159D3FEC00C23F47 /* NSString+RoCry.m */; };
		D16BA34A15F599FD0062D74F /* UncaughtExceptionHandler.m in Sources */ = {isa = PBXBuildFile; fileRef = D16BA34915F599FD0062D74F /* UncaughtExceptionHandler.m */; settings = {COMPILER_FLAGS = "-fno-objc-arc"; }; };
		D17D836E15EB0F8B00ECECE8 /* RCImageView.m in Sources */ = {isa = PBXBuildFile; fileRef = D17D836D15EB0F8B00ECECE8 /* RCImageView.m */; };
		D17D837615EB134D00ECECE8 /* button_back@2x.png in Resources */ = {isa = PBXBuildFile; fileRef = D17D837315EB134D00ECECE8 /* button_back@2x.png */; };
		D17D837715EB134D00ECECE8 /* button_blue@2x.png in Resources */ = {isa = PBXBuildFile; fileRef = D17D837415EB134D00ECECE8 /* button_blue@2x.png */; };
		D17D837815EB134D00ECECE8 /* button_red@2x.png in Resources */ = {isa = PBXBuildFile; fileRef = D17D837515EB134D00ECECE8 /* button_red@2x.png */; };
		D17D837A15EB135900ECECE8 /* shadow_mask@2x.png in Resources */ = {isa = PBXBuildFile; fileRef = D17D837915EB135900ECECE8 /* shadow_mask@2x.png */; };
		D17D837D15EB13FC00ECECE8 /* icon.png in Resources */ = {isa = PBXBuildFile; fileRef = D17D837B15EB13FC00ECECE8 /* icon.png */; };
		D17D837E15EB13FC00ECECE8 /* icon@2x.png in Resources */ = {isa = PBXBuildFile; fileRef = D17D837C15EB13FC00ECECE8 /* icon@2x.png */; };
		D17D838015EB157B00ECECE8 /* heartocat.png in Resources */ = {isa = PBXBuildFile; fileRef = D17D837F15EB157B00ECECE8 /* heartocat.png */; };
		D1935CE2169AA64400232062 /* UIColor+Hex.m in Sources */ = {isa = PBXBuildFile; fileRef = D1935CE1169AA64400232062 /* UIColor+Hex.m */; };
		D1FA791E15D8921F0032F8F4 /* RCUserGuideViewController.m in Sources */ = {isa = PBXBuildFile; fileRef = D1FA791415D8921F0032F8F4 /* RCUserGuideViewController.m */; };
		D1FA791F15D8921F0032F8F4 /* RCUserGuideViewController.xib in Resources */ = {isa = PBXBuildFile; fileRef = D1FA791515D8921F0032F8F4 /* RCUserGuideViewController.xib */; };
		D1FA792015D8921F0032F8F4 /* text_1.png in Resources */ = {isa = PBXBuildFile; fileRef = D1FA791715D8921F0032F8F4 /* text_1.png */; };
		D1FA792115D8921F0032F8F4 /* text_2.png in Resources */ = {isa = PBXBuildFile; fileRef = D1FA791815D8921F0032F8F4 /* text_2.png */; };
		D1FA792215D8921F0032F8F4 /* text_3.png in Resources */ = {isa = PBXBuildFile; fileRef = D1FA791915D8921F0032F8F4 /* text_3.png */; };
		D1FA792315D8921F0032F8F4 /* wall_1.png in Resources */ = {isa = PBXBuildFile; fileRef = D1FA791A15D8921F0032F8F4 /* wall_1.png */; };
		D1FA792415D8921F0032F8F4 /* wall_2.png in Resources */ = {isa = PBXBuildFile; fileRef = D1FA791B15D8921F0032F8F4 /* wall_2.png */; };
		D1FA792515D8921F0032F8F4 /* wall_3.png in Resources */ = {isa = PBXBuildFile; fileRef = D1FA791C15D8921F0032F8F4 /* wall_3.png */; };
		D1FA792615D8921F0032F8F4 /* welcome_start@2x.png in Resources */ = {isa = PBXBuildFile; fileRef = D1FA791D15D8921F0032F8F4 /* welcome_start@2x.png */; };
		D1FA792815D894FC0032F8F4 /* QuartzCore.framework in Frameworks */ = {isa = PBXBuildFile; fileRef = D1FA792715D894FB0032F8F4 /* QuartzCore.framework */; };
/* End PBXBuildFile section */

/* Begin PBXFileReference section */
		58A44AF2152FF4D10005616E /* oh-my-category.app */ = {isa = PBXFileReference; explicitFileType = wrapper.application; includeInIndex = 0; path = "oh-my-category.app"; sourceTree = BUILT_PRODUCTS_DIR; };
		58A44AF6152FF4D10005616E /* UIKit.framework */ = {isa = PBXFileReference; lastKnownFileType = wrapper.framework; name = UIKit.framework; path = System/Library/Frameworks/UIKit.framework; sourceTree = SDKROOT; };
		58A44AF8152FF4D10005616E /* Foundation.framework */ = {isa = PBXFileReference; lastKnownFileType = wrapper.framework; name = Foundation.framework; path = System/Library/Frameworks/Foundation.framework; sourceTree = SDKROOT; };
		58A44AFA152FF4D10005616E /* CoreGraphics.framework */ = {isa = PBXFileReference; lastKnownFileType = wrapper.framework; name = CoreGraphics.framework; path = System/Library/Frameworks/CoreGraphics.framework; sourceTree = SDKROOT; };
		58A44AFE152FF4D10005616E /* oh-my-category-Info.plist */ = {isa = PBXFileReference; lastKnownFileType = text.plist.xml; path = "oh-my-category-Info.plist"; sourceTree = "<group>"; };
		58A44B00152FF4D10005616E /* en */ = {isa = PBXFileReference; lastKnownFileType = text.plist.strings; name = en; path = en.lproj/InfoPlist.strings; sourceTree = "<group>"; };
		58A44B02152FF4D10005616E /* main.m */ = {isa = PBXFileReference; lastKnownFileType = sourcecode.c.objc; path = main.m; sourceTree = "<group>"; };
		58A44B04152FF4D10005616E /* oh-my-category-Prefix.pch */ = {isa = PBXFileReference; lastKnownFileType = sourcecode.c.h; path = "oh-my-category-Prefix.pch"; sourceTree = "<group>"; };
		58A44B05152FF4D10005616E /* RCAppDelegate.h */ = {isa = PBXFileReference; lastKnownFileType = sourcecode.c.h; path = RCAppDelegate.h; sourceTree = "<group>"; };
		58A44B06152FF4D10005616E /* RCAppDelegate.m */ = {isa = PBXFileReference; lastKnownFileType = sourcecode.c.objc; path = RCAppDelegate.m; sourceTree = "<group>"; };
		58A44B09152FF4D10005616E /* en */ = {isa = PBXFileReference; lastKnownFileType = file.storyboard; name = en; path = en.lproj/MainStoryboard.storyboard; sourceTree = "<group>"; };
		58A44B0B152FF4D10005616E /* RCViewController.h */ = {isa = PBXFileReference; lastKnownFileType = sourcecode.c.h; path = RCViewController.h; sourceTree = "<group>"; };
		58A44B0C152FF4D10005616E /* RCViewController.m */ = {isa = PBXFileReference; lastKnownFileType = sourcecode.c.objc; path = RCViewController.m; sourceTree = "<group>"; };
		58A44B31152FFB2A0005616E /* NSDate+ChineseBirth.mm */ = {isa = PBXFileReference; fileEncoding = 4; lastKnownFileType = sourcecode.cpp.objcpp; name = "NSDate+ChineseBirth.mm"; path = "Category/NSDate+ChineseBirth.mm"; sourceTree = "<group>"; };
		58A44B32152FFB2A0005616E /* NSDate+RoCry.m */ = {isa = PBXFileReference; fileEncoding = 4; lastKnownFileType = sourcecode.c.objc; name = "NSDate+RoCry.m"; path = "Category/NSDate+RoCry.m"; sourceTree = "<group>"; };
		58A44B33152FFB2A0005616E /* NSDate+RoCry.h */ = {isa = PBXFileReference; fileEncoding = 4; lastKnownFileType = sourcecode.c.h; name = "NSDate+RoCry.h"; path = "Category/NSDate+RoCry.h"; sourceTree = "<group>"; };
		58A44B34152FFB2A0005616E /* NSDate+ChineseBirth.h */ = {isa = PBXFileReference; fileEncoding = 4; lastKnownFileType = sourcecode.c.h; name = "NSDate+ChineseBirth.h"; path = "Category/NSDate+ChineseBirth.h"; sourceTree = "<group>"; };
		58A44B35152FFB2A0005616E /* UIView+Shake.m */ = {isa = PBXFileReference; fileEncoding = 4; lastKnownFileType = sourcecode.c.objc; name = "UIView+Shake.m"; path = "Category/UIView+Shake.m"; sourceTree = "<group>"; };
		58A44B36152FFB2A0005616E /* UIView+Shake.h */ = {isa = PBXFileReference; fileEncoding = 4; lastKnownFileType = sourcecode.c.h; name = "UIView+Shake.h"; path = "Category/UIView+Shake.h"; sourceTree = "<group>"; };
		58A44B3A152FFB370005616E /* ChineseCalendarDB.h */ = {isa = PBXFileReference; fileEncoding = 4; lastKnownFileType = sourcecode.c.h; name = ChineseCalendarDB.h; path = RelatedClasses/solar_chinese_calendar/ChineseCalendarDB.h; sourceTree = SOURCE_ROOT; };
		58A44B3B152FFB370005616E /* ChineseCalendarDB.cpp */ = {isa = PBXFileReference; fileEncoding = 4; lastKnownFileType = sourcecode.cpp.cpp; name = ChineseCalendarDB.cpp; path = RelatedClasses/solar_chinese_calendar/ChineseCalendarDB.cpp; sourceTree = SOURCE_ROOT; };
		58A44B3C152FFB370005616E /* SolarDate.h */ = {isa = PBXFileReference; fileEncoding = 4; lastKnownFileType = sourcecode.c.h; name = SolarDate.h; path = RelatedClasses/solar_chinese_calendar/SolarDate.h; sourceTree = SOURCE_ROOT; };
		58A44B3D152FFB370005616E /* ChineseDate.h */ = {isa = PBXFileReference; fileEncoding = 4; lastKnownFileType = sourcecode.c.h; name = ChineseDate.h; path = RelatedClasses/solar_chinese_calendar/ChineseDate.h; sourceTree = SOURCE_ROOT; };
		58A44B3E152FFB370005616E /* SolarDate.cpp */ = {isa = PBXFileReference; fileEncoding = 4; lastKnownFileType = sourcecode.cpp.cpp; name = SolarDate.cpp; path = RelatedClasses/solar_chinese_calendar/SolarDate.cpp; sourceTree = SOURCE_ROOT; };
		58A44B3F152FFB370005616E /* ChineseDate.cpp */ = {isa = PBXFileReference; fileEncoding = 4; lastKnownFileType = sourcecode.cpp.cpp; name = ChineseDate.cpp; path = RelatedClasses/solar_chinese_calendar/ChineseDate.cpp; sourceTree = SOURCE_ROOT; };
		C489DD7F170C355F000D7649 /* NSObject+RCRuntimeUtil.h */ = {isa = PBXFileReference; fileEncoding = 4; lastKnownFileType = sourcecode.c.h; path = "NSObject+RCRuntimeUtil.h"; sourceTree = "<group>"; };
		C489DD80170C355F000D7649 /* NSObject+RCRuntimeUtil.m */ = {isa = PBXFileReference; fileEncoding = 4; lastKnownFileType = sourcecode.c.objc; path = "NSObject+RCRuntimeUtil.m"; sourceTree = "<group>"; };
		D10B208015CB789D0033A2DA /* CoreData.framework */ = {isa = PBXFileReference; lastKnownFileType = wrapper.framework; name = CoreData.framework; path = System/Library/Frameworks/CoreData.framework; sourceTree = SDKROOT; };
		D10FB75315AD681100AEEBB1 /* RCFileUtil.h */ = {isa = PBXFileReference; fileEncoding = 4; lastKnownFileType = sourcecode.c.h; path = RCFileUtil.h; sourceTree = "<group>"; };
		D10FB75415AD681100AEEBB1 /* RCFileUtil.m */ = {isa = PBXFileReference; fileEncoding = 4; lastKnownFileType = sourcecode.c.objc; path = RCFileUtil.m; sourceTree = "<group>"; };
		D10FB75615AD68F700AEEBB1 /* RCCoreDataUtil.h */ = {isa = PBXFileReference; fileEncoding = 4; lastKnownFileType = sourcecode.c.h; path = RCCoreDataUtil.h; sourceTree = "<group>"; };
		D10FB75715AD68F700AEEBB1 /* RCCoreDataUtil.m */ = {isa = PBXFileReference; fileEncoding = 4; lastKnownFileType = sourcecode.c.objc; path = RCCoreDataUtil.m; sourceTree = "<group>"; };
		D1398DE81631343E003F6A5E /* NSURL+RoCry.h */ = {isa = PBXFileReference; fileEncoding = 4; lastKnownFileType = sourcecode.c.h; name = "NSURL+RoCry.h"; path = "Category/NSURL+RoCry.h"; sourceTree = "<group>"; };
		D1398DE91631343E003F6A5E /* NSURL+RoCry.m */ = {isa = PBXFileReference; fileEncoding = 4; lastKnownFileType = sourcecode.c.objc; name = "NSURL+RoCry.m"; path = "Category/NSURL+RoCry.m"; sourceTree = "<group>"; };
		D13A0DD01614365600FA0CAC /* UIViewController+Extensions.h */ = {isa = PBXFileReference; fileEncoding = 4; lastKnownFileType = sourcecode.c.h; name = "UIViewController+Extensions.h"; path = "Category/UIViewController+Extensions.h"; sourceTree = "<group>"; };
		D13A0DD11614365600FA0CAC /* UIViewController+Extensions.m */ = {isa = PBXFileReference; fileEncoding = 4; lastKnownFileType = sourcecode.c.objc; name = "UIViewController+Extensions.m"; path = "Category/UIViewController+Extensions.m"; sourceTree = "<group>"; };
		D13F76D015B25ACB008595EC /* Constants.h */ = {isa = PBXFileReference; lastKnownFileType = sourcecode.c.h; name = Constants.h; path = Macros/Constants.h; sourceTree = "<group>"; };
		D13F76D115B25EBD008595EC /* MacrosFunc.h */ = {isa = PBXFileReference; lastKnownFileType = sourcecode.c.h; name = MacrosFunc.h; path = Macros/MacrosFunc.h; sourceTree = "<group>"; };
		D15664CD159D3FEC00C23F47 /* NSString+RoCry.h */ = {isa = PBXFileReference; fileEncoding = 4; lastKnownFileType = sourcecode.c.h; name = "NSString+RoCry.h"; path = "Category/NSString+RoCry.h"; sourceTree = "<group>"; };
		D15664CE159D3FEC00C23F47 /* NSString+RoCry.m */ = {isa = PBXFileReference; fileEncoding = 4; lastKnownFileType = sourcecode.c.objc; name = "NSString+RoCry.m"; path = "Category/NSString+RoCry.m"; sourceTree = "<group>"; };
		D16BA34915F599FD0062D74F /* UncaughtExceptionHandler.m */ = {isa = PBXFileReference; fileEncoding = 4; lastKnownFileType = sourcecode.c.objc; path = UncaughtExceptionHandler.m; sourceTree = "<group>"; };
		D16BA34B15F59B8B0062D74F /* UncaughtExceptionHandler.h */ = {isa = PBXFileReference; fileEncoding = 4; lastKnownFileType = sourcecode.c.h; path = UncaughtExceptionHandler.h; sourceTree = "<group>"; };
		D17D836C15EB0F8B00ECECE8 /* RCImageView.h */ = {isa = PBXFileReference; fileEncoding = 4; lastKnownFileType = sourcecode.c.h; path = RCImageView.h; sourceTree = "<group>"; };
		D17D836D15EB0F8B00ECECE8 /* RCImageView.m */ = {isa = PBXFileReference; fileEncoding = 4; lastKnownFileType = sourcecode.c.objc; path = RCImageView.m; sourceTree = "<group>"; };
		D17D837315EB134D00ECECE8 /* button_back@2x.png */ = {isa = PBXFileReference; lastKnownFileType = image.png; path = "button_back@2x.png"; sourceTree = "<group>"; };
		D17D837415EB134D00ECECE8 /* button_blue@2x.png */ = {isa = PBXFileReference; lastKnownFileType = image.png; path = "button_blue@2x.png"; sourceTree = "<group>"; };
		D17D837515EB134D00ECECE8 /* button_red@2x.png */ = {isa = PBXFileReference; lastKnownFileType = image.png; path = "button_red@2x.png"; sourceTree = "<group>"; };
		D17D837915EB135900ECECE8 /* shadow_mask@2x.png */ = {isa = PBXFileReference; lastKnownFileType = image.png; path = "shadow_mask@2x.png"; sourceTree = "<group>"; };
		D17D837B15EB13FC00ECECE8 /* icon.png */ = {isa = PBXFileReference; lastKnownFileType = image.png; path = icon.png; sourceTree = "<group>"; };
		D17D837C15EB13FC00ECECE8 /* icon@2x.png */ = {isa = PBXFileReference; lastKnownFileType = image.png; path = "icon@2x.png"; sourceTree = "<group>"; };
		D17D837F15EB157B00ECECE8 /* heartocat.png */ = {isa = PBXFileReference; lastKnownFileType = image.png; path = heartocat.png; sourceTree = "<group>"; };
		D1935CE0169AA64400232062 /* UIColor+Hex.h */ = {isa = PBXFileReference; fileEncoding = 4; lastKnownFileType = sourcecode.c.h; name = "UIColor+Hex.h"; path = "Category/UIColor+Hex.h"; sourceTree = "<group>"; };
		D1935CE1169AA64400232062 /* UIColor+Hex.m */ = {isa = PBXFileReference; fileEncoding = 4; lastKnownFileType = sourcecode.c.objc; name = "UIColor+Hex.m"; path = "Category/UIColor+Hex.m"; sourceTree = "<group>"; };
		D1FA791315D8921F0032F8F4 /* RCUserGuideViewController.h */ = {isa = PBXFileReference; fileEncoding = 4; lastKnownFileType = sourcecode.c.h; path = RCUserGuideViewController.h; sourceTree = "<group>"; };
		D1FA791415D8921F0032F8F4 /* RCUserGuideViewController.m */ = {isa = PBXFileReference; fileEncoding = 4; lastKnownFileType = sourcecode.c.objc; path = RCUserGuideViewController.m; sourceTree = "<group>"; };
		D1FA791515D8921F0032F8F4 /* RCUserGuideViewController.xib */ = {isa = PBXFileReference; fileEncoding = 4; lastKnownFileType = file.xib; path = RCUserGuideViewController.xib; sourceTree = "<group>"; };
		D1FA791715D8921F0032F8F4 /* text_1.png */ = {isa = PBXFileReference; lastKnownFileType = image.png; path = text_1.png; sourceTree = "<group>"; };
		D1FA791815D8921F0032F8F4 /* text_2.png */ = {isa = PBXFileReference; lastKnownFileType = image.png; path = text_2.png; sourceTree = "<group>"; };
		D1FA791915D8921F0032F8F4 /* text_3.png */ = {isa = PBXFileReference; lastKnownFileType = image.png; path = text_3.png; sourceTree = "<group>"; };
		D1FA791A15D8921F0032F8F4 /* wall_1.png */ = {isa = PBXFileReference; lastKnownFileType = image.png; path = wall_1.png; sourceTree = "<group>"; };
		D1FA791B15D8921F0032F8F4 /* wall_2.png */ = {isa = PBXFileReference; lastKnownFileType = image.png; path = wall_2.png; sourceTree = "<group>"; };
		D1FA791C15D8921F0032F8F4 /* wall_3.png */ = {isa = PBXFileReference; lastKnownFileType = image.png; path = wall_3.png; sourceTree = "<group>"; };
		D1FA791D15D8921F0032F8F4 /* welcome_start@2x.png */ = {isa = PBXFileReference; lastKnownFileType = image.png; path = "welcome_start@2x.png"; sourceTree = "<group>"; };
		D1FA792715D894FB0032F8F4 /* QuartzCore.framework */ = {isa = PBXFileReference; lastKnownFileType = wrapper.framework; name = QuartzCore.framework; path = System/Library/Frameworks/QuartzCore.framework; sourceTree = SDKROOT; };
/* End PBXFileReference section */

/* Begin PBXFrameworksBuildPhase section */
		58A44AEF152FF4D10005616E /* Frameworks */ = {
			isa = PBXFrameworksBuildPhase;
			buildActionMask = 2147483647;
			files = (
				D1FA792815D894FC0032F8F4 /* QuartzCore.framework in Frameworks */,
				D10B208115CB789D0033A2DA /* CoreData.framework in Frameworks */,
				58A44AF7152FF4D10005616E /* UIKit.framework in Frameworks */,
				58A44AF9152FF4D10005616E /* Foundation.framework in Frameworks */,
				58A44AFB152FF4D10005616E /* CoreGraphics.framework in Frameworks */,
			);
			runOnlyForDeploymentPostprocessing = 0;
		};
/* End PBXFrameworksBuildPhase section */

/* Begin PBXGroup section */
		58A44AE7152FF4D10005616E = {
			isa = PBXGroup;
			children = (
				D16BA34615F599E80062D74F /* Others */,
				D17D837215EB134D00ECECE8 /* RelatedResources */,
				D17D836A15EB0F6800ECECE8 /* CustomViews */,
				D1FA78FC15D890B10032F8F4 /* SomeBaseViewControllers */,
				D13F76D215B25EC1008595EC /* Macros */,
				D10FB75115AD67F700AEEBB1 /* Utils */,
				58A44B21152FF5610005616E /* OtherClassRelated */,
				58A44B16152FF5410005616E /* Category */,
				58A44AFC152FF4D10005616E /* Demo */,
				58A44AF5152FF4D10005616E /* Frameworks */,
				58A44AF3152FF4D10005616E /* Products */,
			);
			sourceTree = "<group>";
		};
		58A44AF3152FF4D10005616E /* Products */ = {
			isa = PBXGroup;
			children = (
				58A44AF2152FF4D10005616E /* oh-my-category.app */,
			);
			name = Products;
			sourceTree = "<group>";
		};
		58A44AF5152FF4D10005616E /* Frameworks */ = {
			isa = PBXGroup;
			children = (
				D1FA792715D894FB0032F8F4 /* QuartzCore.framework */,
				D10B208015CB789D0033A2DA /* CoreData.framework */,
				58A44AF6152FF4D10005616E /* UIKit.framework */,
				58A44AF8152FF4D10005616E /* Foundation.framework */,
				58A44AFA152FF4D10005616E /* CoreGraphics.framework */,
			);
			name = Frameworks;
			sourceTree = "<group>";
		};
		58A44AFC152FF4D10005616E /* Demo */ = {
			isa = PBXGroup;
			children = (
				58A44B05152FF4D10005616E /* RCAppDelegate.h */,
				58A44B06152FF4D10005616E /* RCAppDelegate.m */,
				58A44B08152FF4D10005616E /* MainStoryboard.storyboard */,
				58A44B0B152FF4D10005616E /* RCViewController.h */,
				58A44B0C152FF4D10005616E /* RCViewController.m */,
				58A44AFD152FF4D10005616E /* Supporting Files */,
			);
			name = Demo;
			path = "oh-my-category";
			sourceTree = "<group>";
		};
		58A44AFD152FF4D10005616E /* Supporting Files */ = {
			isa = PBXGroup;
			children = (
				58A44AFE152FF4D10005616E /* oh-my-category-Info.plist */,
				58A44AFF152FF4D10005616E /* InfoPlist.strings */,
				58A44B02152FF4D10005616E /* main.m */,
				58A44B04152FF4D10005616E /* oh-my-category-Prefix.pch */,
			);
			name = "Supporting Files";
			sourceTree = "<group>";
		};
		58A44B16152FF5410005616E /* Category */ = {
			isa = PBXGroup;
			children = (
				D1398DE81631343E003F6A5E /* NSURL+RoCry.h */,
				D1398DE91631343E003F6A5E /* NSURL+RoCry.m */,
				D15664CD159D3FEC00C23F47 /* NSString+RoCry.h */,
				D15664CE159D3FEC00C23F47 /* NSString+RoCry.m */,
				58A44B33152FFB2A0005616E /* NSDate+RoCry.h */,
				58A44B32152FFB2A0005616E /* NSDate+RoCry.m */,
				58A44B34152FFB2A0005616E /* NSDate+ChineseBirth.h */,
				58A44B31152FFB2A0005616E /* NSDate+ChineseBirth.mm */,
				58A44B36152FFB2A0005616E /* UIView+Shake.h */,
				58A44B35152FFB2A0005616E /* UIView+Shake.m */,
				D13A0DD01614365600FA0CAC /* UIViewController+Extensions.h */,
				D13A0DD11614365600FA0CAC /* UIViewController+Extensions.m */,
				D1935CE0169AA64400232062 /* UIColor+Hex.h */,
				D1935CE1169AA64400232062 /* UIColor+Hex.m */,
			);
			name = Category;
			sourceTree = "<group>";
		};
		58A44B17152FF55E0005616E /* solar_chinese_calendar */ = {
			isa = PBXGroup;
			children = (
				58A44B3A152FFB370005616E /* ChineseCalendarDB.h */,
				58A44B3B152FFB370005616E /* ChineseCalendarDB.cpp */,
				58A44B3C152FFB370005616E /* SolarDate.h */,
				58A44B3D152FFB370005616E /* ChineseDate.h */,
				58A44B3E152FFB370005616E /* SolarDate.cpp */,
				58A44B3F152FFB370005616E /* ChineseDate.cpp */,
			);
			path = solar_chinese_calendar;
			sourceTree = "<group>";
		};
		58A44B21152FF5610005616E /* OtherClassRelated */ = {
			isa = PBXGroup;
			children = (
				58A44B17152FF55E0005616E /* solar_chinese_calendar */,
			);
			name = OtherClassRelated;
			sourceTree = "<group>";
		};
		D10FB75115AD67F700AEEBB1 /* Utils */ = {
			isa = PBXGroup;
			children = (
				D10FB75315AD681100AEEBB1 /* RCFileUtil.h */,
				D10FB75415AD681100AEEBB1 /* RCFileUtil.m */,
				D10FB75615AD68F700AEEBB1 /* RCCoreDataUtil.h */,
				D10FB75715AD68F700AEEBB1 /* RCCoreDataUtil.m */,
				C489DD7F170C355F000D7649 /* NSObject+RCRuntimeUtil.h */,
				C489DD80170C355F000D7649 /* NSObject+RCRuntimeUtil.m */,
			);
			path = Utils;
			sourceTree = "<group>";
		};
		D13F76D215B25EC1008595EC /* Macros */ = {
			isa = PBXGroup;
			children = (
				D13F76D115B25EBD008595EC /* MacrosFunc.h */,
				D13F76D015B25ACB008595EC /* Constants.h */,
			);
			name = Macros;
			sourceTree = "<group>";
		};
		D16BA34615F599E80062D74F /* Others */ = {
			isa = PBXGroup;
			children = (
				D16BA34B15F59B8B0062D74F /* UncaughtExceptionHandler.h */,
				D16BA34915F599FD0062D74F /* UncaughtExceptionHandler.m */,
			);
			path = Others;
			sourceTree = "<group>";
		};
		D17D836A15EB0F6800ECECE8 /* CustomViews */ = {
			isa = PBXGroup;
			children = (
				D17D836C15EB0F8B00ECECE8 /* RCImageView.h */,
				D17D836D15EB0F8B00ECECE8 /* RCImageView.m */,
			);
			path = CustomViews;
			sourceTree = "<group>";
		};
		D17D837215EB134D00ECECE8 /* RelatedResources */ = {
			isa = PBXGroup;
			children = (
				D17D837F15EB157B00ECECE8 /* heartocat.png */,
				D17D837B15EB13FC00ECECE8 /* icon.png */,
				D17D837C15EB13FC00ECECE8 /* icon@2x.png */,
				D17D837915EB135900ECECE8 /* shadow_mask@2x.png */,
				D17D837315EB134D00ECECE8 /* button_back@2x.png */,
				D17D837415EB134D00ECECE8 /* button_blue@2x.png */,
				D17D837515EB134D00ECECE8 /* button_red@2x.png */,
			);
			path = RelatedResources;
			sourceTree = "<group>";
		};
		D1FA78FC15D890B10032F8F4 /* SomeBaseViewControllers */ = {
			isa = PBXGroup;
			children = (
				D1FA791215D8921F0032F8F4 /* RCUserGuide */,
			);
			path = SomeBaseViewControllers;
			sourceTree = "<group>";
		};
		D1FA791215D8921F0032F8F4 /* RCUserGuide */ = {
			isa = PBXGroup;
			children = (
				D1FA791315D8921F0032F8F4 /* RCUserGuideViewController.h */,
				D1FA791415D8921F0032F8F4 /* RCUserGuideViewController.m */,
				D1FA791515D8921F0032F8F4 /* RCUserGuideViewController.xib */,
				D1FA791615D8921F0032F8F4 /* UserGuideResources */,
			);
			path = RCUserGuide;
			sourceTree = "<group>";
		};
		D1FA791615D8921F0032F8F4 /* UserGuideResources */ = {
			isa = PBXGroup;
			children = (
				D1FA791715D8921F0032F8F4 /* text_1.png */,
				D1FA791815D8921F0032F8F4 /* text_2.png */,
				D1FA791915D8921F0032F8F4 /* text_3.png */,
				D1FA791A15D8921F0032F8F4 /* wall_1.png */,
				D1FA791B15D8921F0032F8F4 /* wall_2.png */,
				D1FA791C15D8921F0032F8F4 /* wall_3.png */,
				D1FA791D15D8921F0032F8F4 /* welcome_start@2x.png */,
			);
			path = UserGuideResources;
			sourceTree = "<group>";
		};
/* End PBXGroup section */

/* Begin PBXNativeTarget section */
		58A44AF1152FF4D10005616E /* oh-my-category */ = {
			isa = PBXNativeTarget;
			buildConfigurationList = 58A44B10152FF4D10005616E /* Build configuration list for PBXNativeTarget "oh-my-category" */;
			buildPhases = (
				58A44AEE152FF4D10005616E /* Sources */,
				58A44AEF152FF4D10005616E /* Frameworks */,
				58A44AF0152FF4D10005616E /* Resources */,
			);
			buildRules = (
			);
			dependencies = (
			);
			name = "oh-my-category";
			productName = "oh-my-category";
			productReference = 58A44AF2152FF4D10005616E /* oh-my-category.app */;
			productType = "com.apple.product-type.application";
		};
/* End PBXNativeTarget section */

/* Begin PBXProject section */
		58A44AE9152FF4D10005616E /* Project object */ = {
			isa = PBXProject;
			attributes = {
				CLASSPREFIX = RC;
				LastUpgradeCheck = 0430;
				ORGANIZATIONNAME = 7782;
			};
			buildConfigurationList = 58A44AEC152FF4D10005616E /* Build configuration list for PBXProject "oh-my-category" */;
			compatibilityVersion = "Xcode 3.2";
			developmentRegion = English;
			hasScannedForEncodings = 0;
			knownRegions = (
				en,
			);
			mainGroup = 58A44AE7152FF4D10005616E;
			productRefGroup = 58A44AF3152FF4D10005616E /* Products */;
			projectDirPath = "";
			projectRoot = "";
			targets = (
				58A44AF1152FF4D10005616E /* oh-my-category */,
			);
		};
/* End PBXProject section */

/* Begin PBXResourcesBuildPhase section */
		58A44AF0152FF4D10005616E /* Resources */ = {
			isa = PBXResourcesBuildPhase;
			buildActionMask = 2147483647;
			files = (
				58A44B01152FF4D10005616E /* InfoPlist.strings in Resources */,
				58A44B0A152FF4D10005616E /* MainStoryboard.storyboard in Resources */,
				D1FA791F15D8921F0032F8F4 /* RCUserGuideViewController.xib in Resources */,
				D1FA792015D8921F0032F8F4 /* text_1.png in Resources */,
				D1FA792115D8921F0032F8F4 /* text_2.png in Resources */,
				D1FA792215D8921F0032F8F4 /* text_3.png in Resources */,
				D1FA792315D8921F0032F8F4 /* wall_1.png in Resources */,
				D1FA792415D8921F0032F8F4 /* wall_2.png in Resources */,
				D1FA792515D8921F0032F8F4 /* wall_3.png in Resources */,
				D1FA792615D8921F0032F8F4 /* welcome_start@2x.png in Resources */,
				D17D837615EB134D00ECECE8 /* button_back@2x.png in Resources */,
				D17D837715EB134D00ECECE8 /* button_blue@2x.png in Resources */,
				D17D837815EB134D00ECECE8 /* button_red@2x.png in Resources */,
				D17D837A15EB135900ECECE8 /* shadow_mask@2x.png in Resources */,
				D17D837D15EB13FC00ECECE8 /* icon.png in Resources */,
				D17D837E15EB13FC00ECECE8 /* icon@2x.png in Resources */,
				D17D838015EB157B00ECECE8 /* heartocat.png in Resources */,
			);
			runOnlyForDeploymentPostprocessing = 0;
		};
/* End PBXResourcesBuildPhase section */

/* Begin PBXSourcesBuildPhase section */
		58A44AEE152FF4D10005616E /* Sources */ = {
			isa = PBXSourcesBuildPhase;
			buildActionMask = 2147483647;
			files = (
				58A44B03152FF4D10005616E /* main.m in Sources */,
				58A44B07152FF4D10005616E /* RCAppDelegate.m in Sources */,
				58A44B0D152FF4D10005616E /* RCViewController.m in Sources */,
				58A44B37152FFB2A0005616E /* NSDate+ChineseBirth.mm in Sources */,
				58A44B38152FFB2A0005616E /* NSDate+RoCry.m in Sources */,
				58A44B39152FFB2A0005616E /* UIView+Shake.m in Sources */,
				58A44B40152FFB370005616E /* ChineseCalendarDB.cpp in Sources */,
				58A44B41152FFB370005616E /* SolarDate.cpp in Sources */,
				58A44B42152FFB370005616E /* ChineseDate.cpp in Sources */,
				D15664CF159D3FEC00C23F47 /* NSString+RoCry.m in Sources */,
				D10FB75515AD681100AEEBB1 /* RCFileUtil.m in Sources */,
				D10FB75815AD68F800AEEBB1 /* RCCoreDataUtil.m in Sources */,
				D1FA791E15D8921F0032F8F4 /* RCUserGuideViewController.m in Sources */,
				D17D836E15EB0F8B00ECECE8 /* RCImageView.m in Sources */,
				D16BA34A15F599FD0062D74F /* UncaughtExceptionHandler.m in Sources */,
				D13A0DD21614365600FA0CAC /* UIViewController+Extensions.m in Sources */,
				D1398DEA1631343E003F6A5E /* NSURL+RoCry.m in Sources */,
				D1935CE2169AA64400232062 /* UIColor+Hex.m in Sources */,
				C489DD81170C355F000D7649 /* NSObject+RCRuntimeUtil.m in Sources */,
			);
			runOnlyForDeploymentPostprocessing = 0;
		};
/* End PBXSourcesBuildPhase section */

/* Begin PBXVariantGroup section */
		58A44AFF152FF4D10005616E /* InfoPlist.strings */ = {
			isa = PBXVariantGroup;
			children = (
				58A44B00152FF4D10005616E /* en */,
			);
			name = InfoPlist.strings;
			sourceTree = "<group>";
		};
		58A44B08152FF4D10005616E /* MainStoryboard.storyboard */ = {
			isa = PBXVariantGroup;
			children = (
				58A44B09152FF4D10005616E /* en */,
			);
			name = MainStoryboard.storyboard;
			sourceTree = "<group>";
		};
/* End PBXVariantGroup section */

/* Begin XCBuildConfiguration section */
		58A44B0E152FF4D10005616E /* Debug */ = {
			isa = XCBuildConfiguration;
			buildSettings = {
				ALWAYS_SEARCH_USER_PATHS = NO;
				ARCHS = "$(ARCHS_STANDARD_32_BIT)";
				CLANG_ENABLE_OBJC_ARC = YES;
				"CODE_SIGN_IDENTITY[sdk=iphoneos*]" = "iPhone Developer";
				COPY_PHASE_STRIP = NO;
				GCC_C_LANGUAGE_STANDARD = gnu99;
				GCC_DYNAMIC_NO_PIC = NO;
				GCC_OPTIMIZATION_LEVEL = 0;
				GCC_PREPROCESSOR_DEFINITIONS = (
					"DEBUG=1",
					"$(inherited)",
				);
				GCC_SYMBOLS_PRIVATE_EXTERN = NO;
				GCC_VERSION = com.apple.compilers.llvm.clang.1_0;
				GCC_WARN_ABOUT_RETURN_TYPE = YES;
				GCC_WARN_UNINITIALIZED_AUTOS = YES;
				GCC_WARN_UNUSED_VARIABLE = YES;
				IPHONEOS_DEPLOYMENT_TARGET = 5.1;
				SDKROOT = iphoneos;
			};
			name = Debug;
		};
		58A44B0F152FF4D10005616E /* Release */ = {
			isa = XCBuildConfiguration;
			buildSettings = {
				ALWAYS_SEARCH_USER_PATHS = NO;
				ARCHS = "$(ARCHS_STANDARD_32_BIT)";
				CLANG_ENABLE_OBJC_ARC = YES;
				"CODE_SIGN_IDENTITY[sdk=iphoneos*]" = "iPhone Developer";
				COPY_PHASE_STRIP = YES;
				GCC_C_LANGUAGE_STANDARD = gnu99;
				GCC_VERSION = com.apple.compilers.llvm.clang.1_0;
				GCC_WARN_ABOUT_RETURN_TYPE = YES;
				GCC_WARN_UNINITIALIZED_AUTOS = YES;
				GCC_WARN_UNUSED_VARIABLE = YES;
				IPHONEOS_DEPLOYMENT_TARGET = 5.1;
				OTHER_CFLAGS = "-DNS_BLOCK_ASSERTIONS=1";
				SDKROOT = iphoneos;
				VALIDATE_PRODUCT = YES;
			};
			name = Release;
		};
		58A44B11152FF4D10005616E /* Debug */ = {
			isa = XCBuildConfiguration;
			buildSettings = {
				GCC_PRECOMPILE_PREFIX_HEADER = YES;
				GCC_PREFIX_HEADER = "oh-my-category/oh-my-category-Prefix.pch";
				INFOPLIST_FILE = "oh-my-category/oh-my-category-Info.plist";
				PRODUCT_NAME = "$(TARGET_NAME)";
				WRAPPER_EXTENSION = app;
			};
			name = Debug;
		};
		58A44B12152FF4D10005616E /* Release */ = {
			isa = XCBuildConfiguration;
			buildSettings = {
				GCC_PRECOMPILE_PREFIX_HEADER = YES;
				GCC_PREFIX_HEADER = "oh-my-category/oh-my-category-Prefix.pch";
				INFOPLIST_FILE = "oh-my-category/oh-my-category-Info.plist";
				PRODUCT_NAME = "$(TARGET_NAME)";
				WRAPPER_EXTENSION = app;
			};
			name = Release;
		};
/* End XCBuildConfiguration section */

/* Begin XCConfigurationList section */
		58A44AEC152FF4D10005616E /* Build configuration list for PBXProject "oh-my-category" */ = {
			isa = XCConfigurationList;
			buildConfigurations = (
				58A44B0E152FF4D10005616E /* Debug */,
				58A44B0F152FF4D10005616E /* Release */,
			);
			defaultConfigurationIsVisible = 0;
			defaultConfigurationName = Release;
		};
		58A44B10152FF4D10005616E /* Build configuration list for PBXNativeTarget "oh-my-category" */ = {
			isa = XCConfigurationList;
			buildConfigurations = (
				58A44B11152FF4D10005616E /* Debug */,
				58A44B12152FF4D10005616E /* Release */,
			);
			defaultConfigurationIsVisible = 0;
			defaultConfigurationName = Release;
		};
/* End XCConfigurationList section */
	};
	rootObject = 58A44AE9152FF4D10005616E /* Project object */;
}
