// !$*UTF8*$!
{
	archiveVersion = 1;
	classes = {
	};
	objectVersion = 46;
	objects = {

/* Begin PBXBuildFile section */
		49C0F41996AB43CEA25E8AC0 /* libPods.a in Frameworks */ = {isa = PBXBuildFile; fileRef = A0F9B7F3698D45AB88A3B98D /* libPods.a */; };
		58A44AF7152FF4D10005616E /* UIKit.framework in Frameworks */ = {isa = PBXBuildFile; fileRef = 58A44AF6152FF4D10005616E /* UIKit.framework */; };
		58A44AF9152FF4D10005616E /* Foundation.framework in Frameworks */ = {isa = PBXBuildFile; fileRef = 58A44AF8152FF4D10005616E /* Foundation.framework */; };
		58A44AFB152FF4D10005616E /* CoreGraphics.framework in Frameworks */ = {isa = PBXBuildFile; fileRef = 58A44AFA152FF4D10005616E /* CoreGraphics.framework */; };
		58A44B01152FF4D10005616E /* InfoPlist.strings in Resources */ = {isa = PBXBuildFile; fileRef = 58A44AFF152FF4D10005616E /* InfoPlist.strings */; };
		58A44B03152FF4D10005616E /* main.m in Sources */ = {isa = PBXBuildFile; fileRef = 58A44B02152FF4D10005616E /* main.m */; };
		58A44B07152FF4D10005616E /* RCAppDelegate.m in Sources */ = {isa = PBXBuildFile; fileRef = 58A44B06152FF4D10005616E /* RCAppDelegate.m */; };
		58A44B0A152FF4D10005616E /* MainStoryboard.storyboard in Resources */ = {isa = PBXBuildFile; fileRef = 58A44B08152FF4D10005616E /* MainStoryboard.storyboard */; };
		58A44B0D152FF4D10005616E /* RCViewController.m in Sources */ = {isa = PBXBuildFile; fileRef = 58A44B0C152FF4D10005616E /* RCViewController.m */; };
		C4E2AC88178FE2DF00E30EA2 /* NSDate+ChineseBirth.mm in Sources */ = {isa = PBXBuildFile; fileRef = C4E2AC5B178FE2DF00E30EA2 /* NSDate+ChineseBirth.mm */; };
		C4E2AC89178FE2DF00E30EA2 /* NSDate+RoCry.m in Sources */ = {isa = PBXBuildFile; fileRef = C4E2AC5D178FE2DF00E30EA2 /* NSDate+RoCry.m */; };
		C4E2AC8B178FE2DF00E30EA2 /* NSMutableDictionary+RoCry.m in Sources */ = {isa = PBXBuildFile; fileRef = C4E2AC61178FE2DF00E30EA2 /* NSMutableDictionary+RoCry.m */; };
		C4E2AC8C178FE2DF00E30EA2 /* NSString+RoCry.m in Sources */ = {isa = PBXBuildFile; fileRef = C4E2AC63178FE2DF00E30EA2 /* NSString+RoCry.m */; };
		C4E2AC95178FE2DF00E30EA2 /* NSObject+RCRuntimeUtil.m in Sources */ = {isa = PBXBuildFile; fileRef = C4E2AC7C178FE2DF00E30EA2 /* NSObject+RCRuntimeUtil.m */; };
		C4E2AC96178FE2DF00E30EA2 /* RCCoreDataUtil.m in Sources */ = {isa = PBXBuildFile; fileRef = C4E2AC7E178FE2DF00E30EA2 /* RCCoreDataUtil.m */; };
		C4E2AC97178FE2DF00E30EA2 /* RCDeviceUtil.m in Sources */ = {isa = PBXBuildFile; fileRef = C4E2AC80178FE2DF00E30EA2 /* RCDeviceUtil.m */; };
		C4E2AC98178FE2DF00E30EA2 /* RCFileUtil.m in Sources */ = {isa = PBXBuildFile; fileRef = C4E2AC82178FE2DF00E30EA2 /* RCFileUtil.m */; };
		C4E2AC99178FE2DF00E30EA2 /* RCUtil.m in Sources */ = {isa = PBXBuildFile; fileRef = C4E2AC86178FE2DF00E30EA2 /* RCUtil.m */; };
		D109A6DE1978D39A00E2C1D1 /* UIView+ACEToolKit.m in Sources */ = {isa = PBXBuildFile; fileRef = D109A6DD1978D39A00E2C1D1 /* UIView+ACEToolKit.m */; };
		D10B208115CB789D0033A2DA /* CoreData.framework in Frameworks */ = {isa = PBXBuildFile; fileRef = D10B208015CB789D0033A2DA /* CoreData.framework */; };
		D1E090BF18909ADC00DCF424 /* RCCategory.m in Sources */ = {isa = PBXBuildFile; fileRef = D1E090BE18909ADC00DCF424 /* RCCategory.m */; };
		D1E090C818909C2300DCF424 /* ChineseCalendarDB.cpp in Sources */ = {isa = PBXBuildFile; fileRef = D1E090C218909C2300DCF424 /* ChineseCalendarDB.cpp */; };
		D1E090C918909C2300DCF424 /* ChineseDate.cpp in Sources */ = {isa = PBXBuildFile; fileRef = D1E090C418909C2300DCF424 /* ChineseDate.cpp */; };
		D1E090CA18909C2300DCF424 /* SolarDate.cpp in Sources */ = {isa = PBXBuildFile; fileRef = D1E090C618909C2300DCF424 /* SolarDate.cpp */; };
		D1FA792815D894FC0032F8F4 /* QuartzCore.framework in Frameworks */ = {isa = PBXBuildFile; fileRef = D1FA792715D894FB0032F8F4 /* QuartzCore.framework */; };
/* End PBXBuildFile section */

/* Begin PBXFileReference section */
		58A44AF2152FF4D10005616E /* oh-my-category.app */ = {isa = PBXFileReference; explicitFileType = wrapper.application; includeInIndex = 0; path = "oh-my-category.app"; sourceTree = BUILT_PRODUCTS_DIR; };
		58A44AF6152FF4D10005616E /* UIKit.framework */ = {isa = PBXFileReference; lastKnownFileType = wrapper.framework; name = UIKit.framework; path = System/Library/Frameworks/UIKit.framework; sourceTree = SDKROOT; };
		58A44AF8152FF4D10005616E /* Foundation.framework */ = {isa = PBXFileReference; lastKnownFileType = wrapper.framework; name = Foundation.framework; path = System/Library/Frameworks/Foundation.framework; sourceTree = SDKROOT; };
		58A44AFA152FF4D10005616E /* CoreGraphics.framework */ = {isa = PBXFileReference; lastKnownFileType = wrapper.framework; name = CoreGraphics.framework; path = System/Library/Frameworks/CoreGraphics.framework; sourceTree = SDKROOT; };
		58A44AFE152FF4D10005616E /* oh-my-category-Info.plist */ = {isa = PBXFileReference; lastKnownFileType = text.plist.xml; path = "oh-my-category-Info.plist"; sourceTree = "<group>"; };
		58A44B00152FF4D10005616E /* en */ = {isa = PBXFileReference; lastKnownFileType = text.plist.strings; name = en; path = en.lproj/InfoPlist.strings; sourceTree = "<group>"; };
		58A44B02152FF4D10005616E /* main.m */ = {isa = PBXFileReference; lastKnownFileType = sourcecode.c.objc; path = main.m; sourceTree = "<group>"; };
		58A44B04152FF4D10005616E /* oh-my-category-Prefix.pch */ = {isa = PBXFileReference; lastKnownFileType = sourcecode.c.h; path = "oh-my-category-Prefix.pch"; sourceTree = "<group>"; };
		58A44B05152FF4D10005616E /* RCAppDelegate.h */ = {isa = PBXFileReference; lastKnownFileType = sourcecode.c.h; path = RCAppDelegate.h; sourceTree = "<group>"; };
		58A44B06152FF4D10005616E /* RCAppDelegate.m */ = {isa = PBXFileReference; lastKnownFileType = sourcecode.c.objc; path = RCAppDelegate.m; sourceTree = "<group>"; };
		58A44B09152FF4D10005616E /* en */ = {isa = PBXFileReference; lastKnownFileType = file.storyboard; name = en; path = en.lproj/MainStoryboard.storyboard; sourceTree = "<group>"; };
		58A44B0B152FF4D10005616E /* RCViewController.h */ = {isa = PBXFileReference; lastKnownFileType = sourcecode.c.h; path = RCViewController.h; sourceTree = "<group>"; };
		58A44B0C152FF4D10005616E /* RCViewController.m */ = {isa = PBXFileReference; lastKnownFileType = sourcecode.c.objc; path = RCViewController.m; sourceTree = "<group>"; };
		75F15898C3CD461B9DA3A0A2 /* Pods.xcconfig */ = {isa = PBXFileReference; includeInIndex = 1; lastKnownFileType = text.xcconfig; name = Pods.xcconfig; path = Pods/Pods.xcconfig; sourceTree = SOURCE_ROOT; };
		A0F9B7F3698D45AB88A3B98D /* libPods.a */ = {isa = PBXFileReference; explicitFileType = archive.ar; includeInIndex = 0; path = libPods.a; sourceTree = BUILT_PRODUCTS_DIR; };
		C4E2AC5A178FE2DF00E30EA2 /* NSDate+ChineseBirth.h */ = {isa = PBXFileReference; fileEncoding = 4; lastKnownFileType = sourcecode.c.h; path = "NSDate+ChineseBirth.h"; sourceTree = "<group>"; };
		C4E2AC5B178FE2DF00E30EA2 /* NSDate+ChineseBirth.mm */ = {isa = PBXFileReference; fileEncoding = 4; lastKnownFileType = sourcecode.cpp.objcpp; path = "NSDate+ChineseBirth.mm"; sourceTree = "<group>"; };
		C4E2AC5C178FE2DF00E30EA2 /* NSDate+RoCry.h */ = {isa = PBXFileReference; fileEncoding = 4; lastKnownFileType = sourcecode.c.h; path = "NSDate+RoCry.h"; sourceTree = "<group>"; };
		C4E2AC5D178FE2DF00E30EA2 /* NSDate+RoCry.m */ = {isa = PBXFileReference; fileEncoding = 4; lastKnownFileType = sourcecode.c.objc; path = "NSDate+RoCry.m"; sourceTree = "<group>"; };
		C4E2AC60178FE2DF00E30EA2 /* NSMutableDictionary+RoCry.h */ = {isa = PBXFileReference; fileEncoding = 4; lastKnownFileType = sourcecode.c.h; path = "NSMutableDictionary+RoCry.h"; sourceTree = "<group>"; };
		C4E2AC61178FE2DF00E30EA2 /* NSMutableDictionary+RoCry.m */ = {isa = PBXFileReference; fileEncoding = 4; lastKnownFileType = sourcecode.c.objc; path = "NSMutableDictionary+RoCry.m"; sourceTree = "<group>"; };
		C4E2AC62178FE2DF00E30EA2 /* NSString+RoCry.h */ = {isa = PBXFileReference; fileEncoding = 4; lastKnownFileType = sourcecode.c.h; path = "NSString+RoCry.h"; sourceTree = "<group>"; };
		C4E2AC63178FE2DF00E30EA2 /* NSString+RoCry.m */ = {isa = PBXFileReference; fileEncoding = 4; lastKnownFileType = sourcecode.c.objc; path = "NSString+RoCry.m"; sourceTree = "<group>"; };
		C4E2AC6F178FE2DF00E30EA2 /* Constants.h */ = {isa = PBXFileReference; fileEncoding = 4; lastKnownFileType = sourcecode.c.h; path = Constants.h; sourceTree = "<group>"; };
		C4E2AC70178FE2DF00E30EA2 /* MacrosFunc.h */ = {isa = PBXFileReference; fileEncoding = 4; lastKnownFileType = sourcecode.c.h; path = MacrosFunc.h; sourceTree = "<group>"; };
		C4E2AC7B178FE2DF00E30EA2 /* NSObject+RCRuntimeUtil.h */ = {isa = PBXFileReference; fileEncoding = 4; lastKnownFileType = sourcecode.c.h; path = "NSObject+RCRuntimeUtil.h"; sourceTree = "<group>"; };
		C4E2AC7C178FE2DF00E30EA2 /* NSObject+RCRuntimeUtil.m */ = {isa = PBXFileReference; fileEncoding = 4; lastKnownFileType = sourcecode.c.objc; path = "NSObject+RCRuntimeUtil.m"; sourceTree = "<group>"; };
		C4E2AC7D178FE2DF00E30EA2 /* RCCoreDataUtil.h */ = {isa = PBXFileReference; fileEncoding = 4; lastKnownFileType = sourcecode.c.h; path = RCCoreDataUtil.h; sourceTree = "<group>"; };
		C4E2AC7E178FE2DF00E30EA2 /* RCCoreDataUtil.m */ = {isa = PBXFileReference; fileEncoding = 4; lastKnownFileType = sourcecode.c.objc; path = RCCoreDataUtil.m; sourceTree = "<group>"; };
		C4E2AC7F178FE2DF00E30EA2 /* RCDeviceUtil.h */ = {isa = PBXFileReference; fileEncoding = 4; lastKnownFileType = sourcecode.c.h; path = RCDeviceUtil.h; sourceTree = "<group>"; };
		C4E2AC80178FE2DF00E30EA2 /* RCDeviceUtil.m */ = {isa = PBXFileReference; fileEncoding = 4; lastKnownFileType = sourcecode.c.objc; path = RCDeviceUtil.m; sourceTree = "<group>"; };
		C4E2AC81178FE2DF00E30EA2 /* RCFileUtil.h */ = {isa = PBXFileReference; fileEncoding = 4; lastKnownFileType = sourcecode.c.h; path = RCFileUtil.h; sourceTree = "<group>"; };
		C4E2AC82178FE2DF00E30EA2 /* RCFileUtil.m */ = {isa = PBXFileReference; fileEncoding = 4; lastKnownFileType = sourcecode.c.objc; path = RCFileUtil.m; sourceTree = "<group>"; };
		C4E2AC85178FE2DF00E30EA2 /* RCUtil.h */ = {isa = PBXFileReference; fileEncoding = 4; lastKnownFileType = sourcecode.c.h; path = RCUtil.h; sourceTree = "<group>"; };
		C4E2AC86178FE2DF00E30EA2 /* RCUtil.m */ = {isa = PBXFileReference; fileEncoding = 4; lastKnownFileType = sourcecode.c.objc; path = RCUtil.m; sourceTree = "<group>"; };
		D109A6DC1978D39A00E2C1D1 /* UIView+ACEToolKit.h */ = {isa = PBXFileReference; fileEncoding = 4; lastKnownFileType = sourcecode.c.h; path = "UIView+ACEToolKit.h"; sourceTree = "<group>"; };
		D109A6DD1978D39A00E2C1D1 /* UIView+ACEToolKit.m */ = {isa = PBXFileReference; fileEncoding = 4; lastKnownFileType = sourcecode.c.objc; path = "UIView+ACEToolKit.m"; sourceTree = "<group>"; };
		D10B208015CB789D0033A2DA /* CoreData.framework */ = {isa = PBXFileReference; lastKnownFileType = wrapper.framework; name = CoreData.framework; path = System/Library/Frameworks/CoreData.framework; sourceTree = SDKROOT; };
		D1E090BD18909ADC00DCF424 /* RCCategory.h */ = {isa = PBXFileReference; fileEncoding = 4; lastKnownFileType = sourcecode.c.h; path = RCCategory.h; sourceTree = "<group>"; };
		D1E090BE18909ADC00DCF424 /* RCCategory.m */ = {isa = PBXFileReference; fileEncoding = 4; lastKnownFileType = sourcecode.c.objc; path = RCCategory.m; sourceTree = "<group>"; };
		D1E090C218909C2300DCF424 /* ChineseCalendarDB.cpp */ = {isa = PBXFileReference; fileEncoding = 4; lastKnownFileType = sourcecode.cpp.cpp; path = ChineseCalendarDB.cpp; sourceTree = "<group>"; };
		D1E090C318909C2300DCF424 /* ChineseCalendarDB.h */ = {isa = PBXFileReference; fileEncoding = 4; lastKnownFileType = sourcecode.c.h; path = ChineseCalendarDB.h; sourceTree = "<group>"; };
		D1E090C418909C2300DCF424 /* ChineseDate.cpp */ = {isa = PBXFileReference; fileEncoding = 4; lastKnownFileType = sourcecode.cpp.cpp; path = ChineseDate.cpp; sourceTree = "<group>"; };
		D1E090C518909C2300DCF424 /* ChineseDate.h */ = {isa = PBXFileReference; fileEncoding = 4; lastKnownFileType = sourcecode.c.h; path = ChineseDate.h; sourceTree = "<group>"; };
		D1E090C618909C2300DCF424 /* SolarDate.cpp */ = {isa = PBXFileReference; fileEncoding = 4; lastKnownFileType = sourcecode.cpp.cpp; path = SolarDate.cpp; sourceTree = "<group>"; };
		D1E090C718909C2300DCF424 /* SolarDate.h */ = {isa = PBXFileReference; fileEncoding = 4; lastKnownFileType = sourcecode.c.h; path = SolarDate.h; sourceTree = "<group>"; };
		D1FA792715D894FB0032F8F4 /* QuartzCore.framework */ = {isa = PBXFileReference; lastKnownFileType = wrapper.framework; name = QuartzCore.framework; path = System/Library/Frameworks/QuartzCore.framework; sourceTree = SDKROOT; };
/* End PBXFileReference section */

/* Begin PBXFrameworksBuildPhase section */
		58A44AEF152FF4D10005616E /* Frameworks */ = {
			isa = PBXFrameworksBuildPhase;
			buildActionMask = 2147483647;
			files = (
				D1FA792815D894FC0032F8F4 /* QuartzCore.framework in Frameworks */,
				D10B208115CB789D0033A2DA /* CoreData.framework in Frameworks */,
				58A44AF7152FF4D10005616E /* UIKit.framework in Frameworks */,
				58A44AF9152FF4D10005616E /* Foundation.framework in Frameworks */,
				58A44AFB152FF4D10005616E /* CoreGraphics.framework in Frameworks */,
				49C0F41996AB43CEA25E8AC0 /* libPods.a in Frameworks */,
			);
			runOnlyForDeploymentPostprocessing = 0;
		};
/* End PBXFrameworksBuildPhase section */

/* Begin PBXGroup section */
		58A44AE7152FF4D10005616E = {
			isa = PBXGroup;
			children = (
				C4F2B4EF178505F200B468B5 /* Classes */,
				58A44AFC152FF4D10005616E /* Demo */,
				58A44AF5152FF4D10005616E /* Frameworks */,
				58A44AF3152FF4D10005616E /* Products */,
				75F15898C3CD461B9DA3A0A2 /* Pods.xcconfig */,
			);
			sourceTree = "<group>";
		};
		58A44AF3152FF4D10005616E /* Products */ = {
			isa = PBXGroup;
			children = (
				58A44AF2152FF4D10005616E /* oh-my-category.app */,
			);
			name = Products;
			sourceTree = "<group>";
		};
		58A44AF5152FF4D10005616E /* Frameworks */ = {
			isa = PBXGroup;
			children = (
				D1FA792715D894FB0032F8F4 /* QuartzCore.framework */,
				D10B208015CB789D0033A2DA /* CoreData.framework */,
				58A44AF6152FF4D10005616E /* UIKit.framework */,
				58A44AF8152FF4D10005616E /* Foundation.framework */,
				58A44AFA152FF4D10005616E /* CoreGraphics.framework */,
				A0F9B7F3698D45AB88A3B98D /* libPods.a */,
			);
			name = Frameworks;
			sourceTree = "<group>";
		};
		58A44AFC152FF4D10005616E /* Demo */ = {
			isa = PBXGroup;
			children = (
				58A44B05152FF4D10005616E /* RCAppDelegate.h */,
				58A44B06152FF4D10005616E /* RCAppDelegate.m */,
				58A44B08152FF4D10005616E /* MainStoryboard.storyboard */,
				58A44B0B152FF4D10005616E /* RCViewController.h */,
				58A44B0C152FF4D10005616E /* RCViewController.m */,
				58A44AFD152FF4D10005616E /* Supporting Files */,
			);
			name = Demo;
			path = "oh-my-category";
			sourceTree = "<group>";
		};
		58A44AFD152FF4D10005616E /* Supporting Files */ = {
			isa = PBXGroup;
			children = (
				58A44AFE152FF4D10005616E /* oh-my-category-Info.plist */,
				58A44AFF152FF4D10005616E /* InfoPlist.strings */,
				58A44B02152FF4D10005616E /* main.m */,
				58A44B04152FF4D10005616E /* oh-my-category-Prefix.pch */,
			);
			name = "Supporting Files";
			sourceTree = "<group>";
		};
		C4E2AC55178FE2DF00E30EA2 /* iOS */ = {
			isa = PBXGroup;
			children = (
				D1E090C018909C2300DCF424 /* Vendors */,
				C4E2AC56178FE2DF00E30EA2 /* Category */,
				C4E2AC6E178FE2DF00E30EA2 /* Macros */,
				C4E2AC71178FE2DF00E30EA2 /* Misc */,
				C4E2AC7A178FE2DF00E30EA2 /* Utils */,
			);
			path = iOS;
			sourceTree = "<group>";
		};
		C4E2AC56178FE2DF00E30EA2 /* Category */ = {
			isa = PBXGroup;
			children = (
				C4E2AC5A178FE2DF00E30EA2 /* NSDate+ChineseBirth.h */,
				C4E2AC5B178FE2DF00E30EA2 /* NSDate+ChineseBirth.mm */,
				C4E2AC5C178FE2DF00E30EA2 /* NSDate+RoCry.h */,
				C4E2AC5D178FE2DF00E30EA2 /* NSDate+RoCry.m */,
				C4E2AC60178FE2DF00E30EA2 /* NSMutableDictionary+RoCry.h */,
				C4E2AC61178FE2DF00E30EA2 /* NSMutableDictionary+RoCry.m */,
				C4E2AC62178FE2DF00E30EA2 /* NSString+RoCry.h */,
				C4E2AC63178FE2DF00E30EA2 /* NSString+RoCry.m */,
				D1E090BD18909ADC00DCF424 /* RCCategory.h */,
				D1E090BE18909ADC00DCF424 /* RCCategory.m */,
			);
			path = Category;
			sourceTree = "<group>";
		};
		C4E2AC6E178FE2DF00E30EA2 /* Macros */ = {
			isa = PBXGroup;
			children = (
				C4E2AC6F178FE2DF00E30EA2 /* Constants.h */,
				C4E2AC70178FE2DF00E30EA2 /* MacrosFunc.h */,
			);
			path = Macros;
			sourceTree = "<group>";
		};
		C4E2AC71178FE2DF00E30EA2 /* Misc */ = {
			isa = PBXGroup;
			children = (
			);
			path = Misc;
			sourceTree = "<group>";
		};
		C4E2AC7A178FE2DF00E30EA2 /* Utils */ = {
			isa = PBXGroup;
			children = (
				C4E2AC7B178FE2DF00E30EA2 /* NSObject+RCRuntimeUtil.h */,
				C4E2AC7C178FE2DF00E30EA2 /* NSObject+RCRuntimeUtil.m */,
				C4E2AC7D178FE2DF00E30EA2 /* RCCoreDataUtil.h */,
				C4E2AC7E178FE2DF00E30EA2 /* RCCoreDataUtil.m */,
				C4E2AC7F178FE2DF00E30EA2 /* RCDeviceUtil.h */,
				C4E2AC80178FE2DF00E30EA2 /* RCDeviceUtil.m */,
				C4E2AC81178FE2DF00E30EA2 /* RCFileUtil.h */,
				C4E2AC82178FE2DF00E30EA2 /* RCFileUtil.m */,
			);
			path = Utils;
			sourceTree = "<group>";
		};
		C4E2AC83178FE2DF00E30EA2 /* Mac */ = {
			isa = PBXGroup;
			children = (
			);
			path = Mac;
			sourceTree = "<group>";
		};
		C4E2AC84178FE2DF00E30EA2 /* Shared */ = {
			isa = PBXGroup;
			children = (
				C4E2AC85178FE2DF00E30EA2 /* RCUtil.h */,
				C4E2AC86178FE2DF00E30EA2 /* RCUtil.m */,
			);
			path = Shared;
			sourceTree = "<group>";
		};
		C4F2B4EF178505F200B468B5 /* Classes */ = {
			isa = PBXGroup;
			children = (
				C4E2AC55178FE2DF00E30EA2 /* iOS */,
				C4E2AC83178FE2DF00E30EA2 /* Mac */,
				C4E2AC84178FE2DF00E30EA2 /* Shared */,
			);
			path = Classes;
			sourceTree = "<group>";
		};
		D109A6DB1978D39A00E2C1D1 /* ACEToolKit */ = {
			isa = PBXGroup;
			children = (
				D109A6DC1978D39A00E2C1D1 /* UIView+ACEToolKit.h */,
				D109A6DD1978D39A00E2C1D1 /* UIView+ACEToolKit.m */,
			);
			path = ACEToolKit;
			sourceTree = "<group>";
		};
		D1E090C018909C2300DCF424 /* Vendors */ = {
			isa = PBXGroup;
			children = (
				D109A6DB1978D39A00E2C1D1 /* ACEToolKit */,
				D1E090C118909C2300DCF424 /* solar_chinese_calendar */,
			);
			path = Vendors;
			sourceTree = "<group>";
		};
		D1E090C118909C2300DCF424 /* solar_chinese_calendar */ = {
			isa = PBXGroup;
			children = (
				D1E090C218909C2300DCF424 /* ChineseCalendarDB.cpp */,
				D1E090C318909C2300DCF424 /* ChineseCalendarDB.h */,
				D1E090C418909C2300DCF424 /* ChineseDate.cpp */,
				D1E090C518909C2300DCF424 /* ChineseDate.h */,
				D1E090C618909C2300DCF424 /* SolarDate.cpp */,
				D1E090C718909C2300DCF424 /* SolarDate.h */,
			);
			path = solar_chinese_calendar;
			sourceTree = "<group>";
		};
/* End PBXGroup section */

/* Begin PBXNativeTarget section */
		58A44AF1152FF4D10005616E /* oh-my-category */ = {
			isa = PBXNativeTarget;
			buildConfigurationList = 58A44B10152FF4D10005616E /* Build configuration list for PBXNativeTarget "oh-my-category" */;
			buildPhases = (
				0B211F2E6FAF41898435D672 /* Check Pods Manifest.lock */,
				58A44AEE152FF4D10005616E /* Sources */,
				58A44AEF152FF4D10005616E /* Frameworks */,
				58A44AF0152FF4D10005616E /* Resources */,
				D19F0ABE177554F500AC79F0 /* ShellScript */,
				D569F6E3B2B54EC7BE67FC53 /* Copy Pods Resources */,
			);
			buildRules = (
			);
			dependencies = (
			);
			name = "oh-my-category";
			productName = "oh-my-category";
			productReference = 58A44AF2152FF4D10005616E /* oh-my-category.app */;
			productType = "com.apple.product-type.application";
		};
/* End PBXNativeTarget section */

/* Begin PBXProject section */
		58A44AE9152FF4D10005616E /* Project object */ = {
			isa = PBXProject;
			attributes = {
				CLASSPREFIX = RC;
				LastUpgradeCheck = 0430;
				ORGANIZATIONNAME = FeN;
			};
			buildConfigurationList = 58A44AEC152FF4D10005616E /* Build configuration list for PBXProject "oh-my-category" */;
			compatibilityVersion = "Xcode 3.2";
			developmentRegion = English;
			hasScannedForEncodings = 0;
			knownRegions = (
				en,
			);
			mainGroup = 58A44AE7152FF4D10005616E;
			productRefGroup = 58A44AF3152FF4D10005616E /* Products */;
			projectDirPath = "";
			projectRoot = "";
			targets = (
				58A44AF1152FF4D10005616E /* oh-my-category */,
			);
		};
/* End PBXProject section */

/* Begin PBXResourcesBuildPhase section */
		58A44AF0152FF4D10005616E /* Resources */ = {
			isa = PBXResourcesBuildPhase;
			buildActionMask = 2147483647;
			files = (
				58A44B01152FF4D10005616E /* InfoPlist.strings in Resources */,
				58A44B0A152FF4D10005616E /* MainStoryboard.storyboard in Resources */,
			);
			runOnlyForDeploymentPostprocessing = 0;
		};
/* End PBXResourcesBuildPhase section */

/* Begin PBXShellScriptBuildPhase section */
		0B211F2E6FAF41898435D672 /* Check Pods Manifest.lock */ = {
			isa = PBXShellScriptBuildPhase;
			buildActionMask = 2147483647;
			files = (
			);
			inputPaths = (
			);
			name = "Check Pods Manifest.lock";
			outputPaths = (
			);
			runOnlyForDeploymentPostprocessing = 0;
			shellPath = /bin/sh;
			shellScript = "diff \"${PODS_ROOT}/../Podfile.lock\" \"${PODS_ROOT}/Manifest.lock\" > /dev/null\nif [[ $? != 0 ]] ; then\n    cat << EOM\nerror: The sandbox is not in sync with the Podfile.lock. Run 'pod install' or update your CocoaPods installation.\nEOM\n    exit 1\nfi\n";
		};
		D19F0ABE177554F500AC79F0 /* ShellScript */ = {
			isa = PBXShellScriptBuildPhase;
			buildActionMask = 2147483647;
			files = (
			);
			inputPaths = (
			);
			outputPaths = (
			);
			runOnlyForDeploymentPostprocessing = 0;
			shellPath = /bin/sh;
			shellScript = "#from http://imi.im/122\n#Git 版本数\nVERSION_NUMBER=`git rev-list head | sort | wc -l | awk '{print $1}'`\n#VERSION_HASH=`git rev-list head | head -1`\n#from http://puttin.github.io/blog/2013/08/21/automating-your-build-numbers-with-xcode-and-git/\n#versionnum = `git describe | awk '{split($0,a,\"-\"); print a[1]}'`\n\necho $VERSION_NUMBER\n#echo $VERSION_HASH\n\n##加入版本号\n/usr/libexec/PlistBuddy -c \"Set :CFBundleVersion ${VERSION_NUMBER}\" \"${TARGET_BUILD_DIR}/${INFOPLIST_PATH}\"";
		};
		D569F6E3B2B54EC7BE67FC53 /* Copy Pods Resources */ = {
			isa = PBXShellScriptBuildPhase;
			buildActionMask = 2147483647;
			files = (
			);
			inputPaths = (
			);
			name = "Copy Pods Resources";
			outputPaths = (
			);
			runOnlyForDeploymentPostprocessing = 0;
			shellPath = /bin/sh;
			shellScript = "\"${SRCROOT}/Pods/Pods-resources.sh\"\n";
		};
/* End PBXShellScriptBuildPhase section */

/* Begin PBXSourcesBuildPhase section */
		58A44AEE152FF4D10005616E /* Sources */ = {
			isa = PBXSourcesBuildPhase;
			buildActionMask = 2147483647;
			files = (
				58A44B03152FF4D10005616E /* main.m in Sources */,
				D1E090BF18909ADC00DCF424 /* RCCategory.m in Sources */,
				58A44B07152FF4D10005616E /* RCAppDelegate.m in Sources */,
				58A44B0D152FF4D10005616E /* RCViewController.m in Sources */,
				C4E2AC88178FE2DF00E30EA2 /* NSDate+ChineseBirth.mm in Sources */,
				C4E2AC89178FE2DF00E30EA2 /* NSDate+RoCry.m in Sources */,
				D109A6DE1978D39A00E2C1D1 /* UIView+ACEToolKit.m in Sources */,
				C4E2AC8B178FE2DF00E30EA2 /* NSMutableDictionary+RoCry.m in Sources */,
				C4E2AC8C178FE2DF00E30EA2 /* NSString+RoCry.m in Sources */,
				D1E090C918909C2300DCF424 /* ChineseDate.cpp in Sources */,
				D1E090C818909C2300DCF424 /* ChineseCalendarDB.cpp in Sources */,
				D1E090CA18909C2300DCF424 /* SolarDate.cpp in Sources */,
				C4E2AC95178FE2DF00E30EA2 /* NSObject+RCRuntimeUtil.m in Sources */,
				C4E2AC96178FE2DF00E30EA2 /* RCCoreDataUtil.m in Sources */,
				C4E2AC97178FE2DF00E30EA2 /* RCDeviceUtil.m in Sources */,
				C4E2AC98178FE2DF00E30EA2 /* RCFileUtil.m in Sources */,
				C4E2AC99178FE2DF00E30EA2 /* RCUtil.m in Sources */,
			);
			runOnlyForDeploymentPostprocessing = 0;
		};
/* End PBXSourcesBuildPhase section */

/* Begin PBXVariantGroup section */
		58A44AFF152FF4D10005616E /* InfoPlist.strings */ = {
			isa = PBXVariantGroup;
			children = (
				58A44B00152FF4D10005616E /* en */,
			);
			name = InfoPlist.strings;
			sourceTree = "<group>";
		};
		58A44B08152FF4D10005616E /* MainStoryboard.storyboard */ = {
			isa = PBXVariantGroup;
			children = (
				58A44B09152FF4D10005616E /* en */,
			);
			name = MainStoryboard.storyboard;
			sourceTree = "<group>";
		};
/* End PBXVariantGroup section */

/* Begin XCBuildConfiguration section */
		58A44B0E152FF4D10005616E /* Debug */ = {
			isa = XCBuildConfiguration;
			buildSettings = {
				ALWAYS_SEARCH_USER_PATHS = NO;
				ARCHS = "$(ARCHS_STANDARD_32_BIT)";
				CLANG_ENABLE_OBJC_ARC = YES;
				"CODE_SIGN_IDENTITY[sdk=iphoneos*]" = "iPhone Developer";
				COPY_PHASE_STRIP = NO;
				GCC_C_LANGUAGE_STANDARD = gnu99;
				GCC_DYNAMIC_NO_PIC = NO;
				GCC_OPTIMIZATION_LEVEL = 0;
				GCC_PREPROCESSOR_DEFINITIONS = (
					"DEBUG=1",
					"$(inherited)",
				);
				GCC_SYMBOLS_PRIVATE_EXTERN = NO;
				GCC_VERSION = com.apple.compilers.llvm.clang.1_0;
				GCC_WARN_ABOUT_RETURN_TYPE = YES;
				GCC_WARN_UNINITIALIZED_AUTOS = YES;
				GCC_WARN_UNUSED_VARIABLE = YES;
				IPHONEOS_DEPLOYMENT_TARGET = 5.1;
				SDKROOT = iphoneos;
			};
			name = Debug;
		};
		58A44B0F152FF4D10005616E /* Release */ = {
			isa = XCBuildConfiguration;
			buildSettings = {
				ALWAYS_SEARCH_USER_PATHS = NO;
				ARCHS = "$(ARCHS_STANDARD_32_BIT)";
				CLANG_ENABLE_OBJC_ARC = YES;
				"CODE_SIGN_IDENTITY[sdk=iphoneos*]" = "iPhone Developer";
				COPY_PHASE_STRIP = YES;
				GCC_C_LANGUAGE_STANDARD = gnu99;
				GCC_VERSION = com.apple.compilers.llvm.clang.1_0;
				GCC_WARN_ABOUT_RETURN_TYPE = YES;
				GCC_WARN_UNINITIALIZED_AUTOS = YES;
				GCC_WARN_UNUSED_VARIABLE = YES;
				IPHONEOS_DEPLOYMENT_TARGET = 5.1;
				OTHER_CFLAGS = "-DNS_BLOCK_ASSERTIONS=1";
				SDKROOT = iphoneos;
				VALIDATE_PRODUCT = YES;
			};
			name = Release;
		};
		58A44B11152FF4D10005616E /* Debug */ = {
			isa = XCBuildConfiguration;
			baseConfigurationReference = 75F15898C3CD461B9DA3A0A2 /* Pods.xcconfig */;
			buildSettings = {
				GCC_PRECOMPILE_PREFIX_HEADER = YES;
				GCC_PREFIX_HEADER = "oh-my-category/oh-my-category-Prefix.pch";
				INFOPLIST_FILE = "oh-my-category/oh-my-category-Info.plist";
				PRODUCT_NAME = "$(TARGET_NAME)";
				WRAPPER_EXTENSION = app;
			};
			name = Debug;
		};
		58A44B12152FF4D10005616E /* Release */ = {
			isa = XCBuildConfiguration;
			baseConfigurationReference = 75F15898C3CD461B9DA3A0A2 /* Pods.xcconfig */;
			buildSettings = {
				GCC_PRECOMPILE_PREFIX_HEADER = YES;
				GCC_PREFIX_HEADER = "oh-my-category/oh-my-category-Prefix.pch";
				INFOPLIST_FILE = "oh-my-category/oh-my-category-Info.plist";
				PRODUCT_NAME = "$(TARGET_NAME)";
				WRAPPER_EXTENSION = app;
			};
			name = Release;
		};
/* End XCBuildConfiguration section */

/* Begin XCConfigurationList section */
		58A44AEC152FF4D10005616E /* Build configuration list for PBXProject "oh-my-category" */ = {
			isa = XCConfigurationList;
			buildConfigurations = (
				58A44B0E152FF4D10005616E /* Debug */,
				58A44B0F152FF4D10005616E /* Release */,
			);
			defaultConfigurationIsVisible = 0;
			defaultConfigurationName = Release;
		};
		58A44B10152FF4D10005616E /* Build configuration list for PBXNativeTarget "oh-my-category" */ = {
			isa = XCConfigurationList;
			buildConfigurations = (
				58A44B11152FF4D10005616E /* Debug */,
				58A44B12152FF4D10005616E /* Release */,
			);
			defaultConfigurationIsVisible = 0;
			defaultConfigurationName = Release;
		};
/* End XCConfigurationList section */
	};
	rootObject = 58A44AE9152FF4D10005616E /* Project object */;
}
